// !$*UTF8*$!
{
	archiveVersion = 1;
	classes = {
	};
	objectVersion = 56;
	objects = {

/* Begin PBXBuildFile section */
		A435414F2C3B71EE00B32BC1 /* ViewModelLogin.swift in Sources */ = {isa = PBXBuildFile; fileRef = A435414E2C3B71EE00B32BC1 /* ViewModelLogin.swift */; };
		A43541512C3B8C7B00B32BC1 /* ComponentMap.swift in Sources */ = {isa = PBXBuildFile; fileRef = A43541502C3B8C7B00B32BC1 /* ComponentMap.swift */; };
		A43541532C3B8F3100B32BC1 /* Login.swift in Sources */ = {isa = PBXBuildFile; fileRef = A43541522C3B8F3100B32BC1 /* Login.swift */; };
		A43541592C3EAC4700B32BC1 /* ResponseLogin.swift in Sources */ = {isa = PBXBuildFile; fileRef = A43541582C3EAC4700B32BC1 /* ResponseLogin.swift */; };
		A435415C2C3EB31F00B32BC1 /* RequestLogin.swift in Sources */ = {isa = PBXBuildFile; fileRef = A435415B2C3EB31F00B32BC1 /* RequestLogin.swift */; };
		A435415E2C3EC20B00B32BC1 /* Coordinates.swift in Sources */ = {isa = PBXBuildFile; fileRef = A435415D2C3EC20B00B32BC1 /* Coordinates.swift */; };
		A43541602C3EC4FD00B32BC1 /* Models.swift in Sources */ = {isa = PBXBuildFile; fileRef = A435415F2C3EC4FD00B32BC1 /* Models.swift */; };
		A43541622C3EDACF00B32BC1 /* Styling.swift in Sources */ = {isa = PBXBuildFile; fileRef = A43541612C3EDACF00B32BC1 /* Styling.swift */; };
		A43541652C3F02BA00B32BC1 /* InputUsername.swift in Sources */ = {isa = PBXBuildFile; fileRef = A43541642C3F02BA00B32BC1 /* InputUsername.swift */; };
		A43541672C3F098F00B32BC1 /* InputPassword.swift in Sources */ = {isa = PBXBuildFile; fileRef = A43541662C3F098F00B32BC1 /* InputPassword.swift */; };
		A43C29C82C3F4E34002BF1AE /* InputTextField.swift in Sources */ = {isa = PBXBuildFile; fileRef = A43C29C72C3F4E34002BF1AE /* InputTextField.swift */; };
		A43C29CA2C4004C2002BF1AE /* BackendURLs.swift in Sources */ = {isa = PBXBuildFile; fileRef = A43C29C92C4004C2002BF1AE /* BackendURLs.swift */; };
		A43C29CC2C4005C2002BF1AE /* NetworkManager.swift in Sources */ = {isa = PBXBuildFile; fileRef = A43C29CB2C4005C2002BF1AE /* NetworkManager.swift */; };
		A43C29CE2C4034CC002BF1AE /* ResponseServer.swift in Sources */ = {isa = PBXBuildFile; fileRef = A43C29CD2C4034CC002BF1AE /* ResponseServer.swift */; };
		A43C29D02C404B70002BF1AE /* Network.swift in Sources */ = {isa = PBXBuildFile; fileRef = A43C29CF2C404B70002BF1AE /* Network.swift */; };
		A43C29D32C404CD3002BF1AE /* Logout.swift in Sources */ = {isa = PBXBuildFile; fileRef = A43C29D22C404CD3002BF1AE /* Logout.swift */; };
		A43C29D52C404E16002BF1AE /* ResponseLogout.swift in Sources */ = {isa = PBXBuildFile; fileRef = A43C29D42C404E16002BF1AE /* ResponseLogout.swift */; };
		A43C29D72C405404002BF1AE /* RequestLogout.swift in Sources */ = {isa = PBXBuildFile; fileRef = A43C29D62C405404002BF1AE /* RequestLogout.swift */; };
		A43C29D92C4054F2002BF1AE /* ViewModelLogout.swift in Sources */ = {isa = PBXBuildFile; fileRef = A43C29D82C4054F1002BF1AE /* ViewModelLogout.swift */; };
		A43C29DB2C405A98002BF1AE /* RequestForgot.swift in Sources */ = {isa = PBXBuildFile; fileRef = A43C29DA2C405A98002BF1AE /* RequestForgot.swift */; };
		A43C29DD2C406727002BF1AE /* Forgot.swift in Sources */ = {isa = PBXBuildFile; fileRef = A43C29DC2C406727002BF1AE /* Forgot.swift */; };
		A43C29DF2C4068AE002BF1AE /* ResponseForgot.swift in Sources */ = {isa = PBXBuildFile; fileRef = A43C29DE2C4068AE002BF1AE /* ResponseForgot.swift */; };
		A43C29E12C406ECE002BF1AE /* InputEmail.swift in Sources */ = {isa = PBXBuildFile; fileRef = A43C29E02C406ECE002BF1AE /* InputEmail.swift */; };
		A43C29E32C406F5B002BF1AE /* ViewModelForgot.swift in Sources */ = {isa = PBXBuildFile; fileRef = A43C29E22C406F5B002BF1AE /* ViewModelForgot.swift */; };
		A43C29E52C407658002BF1AE /* StorageUserDefaults.swift in Sources */ = {isa = PBXBuildFile; fileRef = A43C29E42C407658002BF1AE /* StorageUserDefaults.swift */; };
		A43C29E72C407B0C002BF1AE /* AuthenticationCredentials.swift in Sources */ = {isa = PBXBuildFile; fileRef = A43C29E62C407B0C002BF1AE /* AuthenticationCredentials.swift */; };
		A43C29E92C40F44A002BF1AE /* ComponentCard.swift in Sources */ = {isa = PBXBuildFile; fileRef = A43C29E82C40F44A002BF1AE /* ComponentCard.swift */; };
		A43C29EB2C40FEC8002BF1AE /* ViewLogout.swift in Sources */ = {isa = PBXBuildFile; fileRef = A43C29EA2C40FEC8002BF1AE /* ViewLogout.swift */; };
		A43C29ED2C4103AF002BF1AE /* Authentication.swift in Sources */ = {isa = PBXBuildFile; fileRef = A43C29EC2C4103AF002BF1AE /* Authentication.swift */; };
		A43C29EF2C411F72002BF1AE /* ViewHome.swift in Sources */ = {isa = PBXBuildFile; fileRef = A43C29EE2C411F72002BF1AE /* ViewHome.swift */; };
		A43C29F12C4189CD002BF1AE /* ViewForgot.swift in Sources */ = {isa = PBXBuildFile; fileRef = A43C29F02C4189CD002BF1AE /* ViewForgot.swift */; };
		A43C29F32C4189FD002BF1AE /* ViewSignUp.swift in Sources */ = {isa = PBXBuildFile; fileRef = A43C29F22C4189FD002BF1AE /* ViewSignUp.swift */; };
		A43C29F62C4197C6002BF1AE /* ComponentBar.swift in Sources */ = {isa = PBXBuildFile; fileRef = A43C29F52C4197C6002BF1AE /* ComponentBar.swift */; };
		A43C29F82C4199FD002BF1AE /* ComponentButtonBar.swift in Sources */ = {isa = PBXBuildFile; fileRef = A43C29F72C4199FD002BF1AE /* ComponentButtonBar.swift */; };
		A43C29FB2C41A82C002BF1AE /* Navigation.swift in Sources */ = {isa = PBXBuildFile; fileRef = A43C29FA2C41A82C002BF1AE /* Navigation.swift */; };
		A43C29FD2C41B31F002BF1AE /* ComponentButtonH.swift in Sources */ = {isa = PBXBuildFile; fileRef = A43C29FC2C41B31F002BF1AE /* ComponentButtonH.swift */; };
		A4605E972C4205D60091CC52 /* ViewModelHome.swift in Sources */ = {isa = PBXBuildFile; fileRef = A4605E962C4205D60091CC52 /* ViewModelHome.swift */; };
		A4605E9A2C4228160091CC52 /* StatusBar.swift in Sources */ = {isa = PBXBuildFile; fileRef = A4605E992C4228160091CC52 /* StatusBar.swift */; };
		A4605E9C2C46D0BC0091CC52 /* ViewManage.swift in Sources */ = {isa = PBXBuildFile; fileRef = A4605E9B2C46D0BC0091CC52 /* ViewManage.swift */; };
		A4605E9E2C46D1A80091CC52 /* Page.swift in Sources */ = {isa = PBXBuildFile; fileRef = A4605E9D2C46D1A80091CC52 /* Page.swift */; };
		A4605EA32C46F1000091CC52 /* ViewInvest.swift in Sources */ = {isa = PBXBuildFile; fileRef = A4605EA22C46F1000091CC52 /* ViewInvest.swift */; };
		A4605EA52C46F15C0091CC52 /* ViewServices.swift in Sources */ = {isa = PBXBuildFile; fileRef = A4605EA42C46F15C0091CC52 /* ViewServices.swift */; };
		A49C0BB02C472CEE00968AFB /* ComponentButtonDoubleH.swift in Sources */ = {isa = PBXBuildFile; fileRef = A49C0BAF2C472CEE00968AFB /* ComponentButtonDoubleH.swift */; };
		A49C0BB22C4765E800968AFB /* ComponentButtonHNav.swift in Sources */ = {isa = PBXBuildFile; fileRef = A49C0BB12C4765E800968AFB /* ComponentButtonHNav.swift */; };
		A49C0BB62C476AF700968AFB /* ViewManageBusiness.swift in Sources */ = {isa = PBXBuildFile; fileRef = A49C0BB52C476AF700968AFB /* ViewManageBusiness.swift */; };
		A49C0BB82C476B1900968AFB /* ViewManagePersonal.swift in Sources */ = {isa = PBXBuildFile; fileRef = A49C0BB72C476B1900968AFB /* ViewManagePersonal.swift */; };
		A49C0BBA2C47715700968AFB /* ViewManagePersonalIncome.swift in Sources */ = {isa = PBXBuildFile; fileRef = A49C0BB92C47715700968AFB /* ViewManagePersonalIncome.swift */; };
		A49C0BBC2C4771A700968AFB /* ViewManagePersonalExpenses.swift in Sources */ = {isa = PBXBuildFile; fileRef = A49C0BBB2C4771A700968AFB /* ViewManagePersonalExpenses.swift */; };
		A49C0BBE2C47723300968AFB /* ViewManagePersonalLiabilities.swift in Sources */ = {isa = PBXBuildFile; fileRef = A49C0BBD2C47723300968AFB /* ViewManagePersonalLiabilities.swift */; };
		A49C0BC02C47728900968AFB /* ViewManagePersonalAssets.swift in Sources */ = {isa = PBXBuildFile; fileRef = A49C0BBF2C47728900968AFB /* ViewManagePersonalAssets.swift */; };
		A49C0BC22C4772FA00968AFB /* ViewManagePersonalRevenue.swift in Sources */ = {isa = PBXBuildFile; fileRef = A49C0BC12C4772FA00968AFB /* ViewManagePersonalRevenue.swift */; };
		A49C0BC42C4775C200968AFB /* ViewManagePersonalTransactions.swift in Sources */ = {isa = PBXBuildFile; fileRef = A49C0BC32C4775C200968AFB /* ViewManagePersonalTransactions.swift */; };
		A49C0BC62C4775E900968AFB /* ViewManageBusinessTransactions.swift in Sources */ = {isa = PBXBuildFile; fileRef = A49C0BC52C4775E900968AFB /* ViewManageBusinessTransactions.swift */; };
		A49C0BC82C4833DA00968AFB /* Menu.swift in Sources */ = {isa = PBXBuildFile; fileRef = A49C0BC72C4833DA00968AFB /* Menu.swift */; };
		A49C0BCA2C483D5800968AFB /* ViewType.swift in Sources */ = {isa = PBXBuildFile; fileRef = A49C0BC92C483D5800968AFB /* ViewType.swift */; };
		A49C0BCE2C489BD800968AFB /* ViewModelManageBusiness.swift in Sources */ = {isa = PBXBuildFile; fileRef = A49C0BCD2C489BD800968AFB /* ViewModelManageBusiness.swift */; };
		A49C0BD12C489CD300968AFB /* Transaction.swift in Sources */ = {isa = PBXBuildFile; fileRef = A49C0BD02C489CD300968AFB /* Transaction.swift */; };
		A49C0BD32C4951C300968AFB /* ContentMenu.swift in Sources */ = {isa = PBXBuildFile; fileRef = A49C0BD22C4951C300968AFB /* ContentMenu.swift */; };
		A49C0BDA2C49B33400968AFB /* ContentView.swift in Sources */ = {isa = PBXBuildFile; fileRef = A49C0BD92C49B33400968AFB /* ContentView.swift */; };
		A49C0BDD2C4A019A00968AFB /* ViewCommercial.swift in Sources */ = {isa = PBXBuildFile; fileRef = A49C0BDC2C4A019A00968AFB /* ViewCommercial.swift */; };
		A49C0BDF2C4A01AE00968AFB /* ViewResidential.swift in Sources */ = {isa = PBXBuildFile; fileRef = A49C0BDE2C4A01AE00968AFB /* ViewResidential.swift */; };
		A49C0BE32C4A028700968AFB /* ViewTangibleAssetsBusiness.swift in Sources */ = {isa = PBXBuildFile; fileRef = A49C0BE22C4A028700968AFB /* ViewTangibleAssetsBusiness.swift */; };
		A49C0BE62C4A032C00968AFB /* ViewTangibleAssetsCommercial.swift in Sources */ = {isa = PBXBuildFile; fileRef = A49C0BE52C4A032C00968AFB /* ViewTangibleAssetsCommercial.swift */; };
		A49C0BE82C4A034800968AFB /* ViewTangibleAssetsResidential.swift in Sources */ = {isa = PBXBuildFile; fileRef = A49C0BE72C4A034800968AFB /* ViewTangibleAssetsResidential.swift */; };
		A49C0BEA2C4A08B700968AFB /* ViewRealEstate.swift in Sources */ = {isa = PBXBuildFile; fileRef = A49C0BE92C4A08B700968AFB /* ViewRealEstate.swift */; };
		A49C0BEC2C4A0CFE00968AFB /* ViewTangibleAssets.swift in Sources */ = {isa = PBXBuildFile; fileRef = A49C0BEB2C4A0CFE00968AFB /* ViewTangibleAssets.swift */; };
		A49C0BEE2C4A0DBE00968AFB /* ViewTangibleAssetsRealEstate.swift in Sources */ = {isa = PBXBuildFile; fileRef = A49C0BED2C4A0DBE00968AFB /* ViewTangibleAssetsRealEstate.swift */; };
		A49C0BF12C4A139800968AFB /* ViewSettings.swift in Sources */ = {isa = PBXBuildFile; fileRef = A49C0BF02C4A139800968AFB /* ViewSettings.swift */; };
		A49C0BF42C4A15C200968AFB /* ViewNotary.swift in Sources */ = {isa = PBXBuildFile; fileRef = A49C0BF32C4A15C200968AFB /* ViewNotary.swift */; };
		A49C0BF62C4A1BEB00968AFB /* Format.swift in Sources */ = {isa = PBXBuildFile; fileRef = A49C0BF52C4A1BEA00968AFB /* Format.swift */; };
		A49C0BF92C4A1EF500968AFB /* ManageSummary.swift in Sources */ = {isa = PBXBuildFile; fileRef = A49C0BF82C4A1EF500968AFB /* ManageSummary.swift */; };
		A49C0BFB2C4A8F9900968AFB /* ViewManagePersonalEquity.swift in Sources */ = {isa = PBXBuildFile; fileRef = A49C0BFA2C4A8F9900968AFB /* ViewManagePersonalEquity.swift */; };
		A4A7ACF42C3B3BE100EE9B48 /* ViewLogin.swift in Sources */ = {isa = PBXBuildFile; fileRef = A4A7ACF32C3B3BE100EE9B48 /* ViewLogin.swift */; };
		A4A7ACF72C3B432900EE9B48 /* LocationManager.swift in Sources */ = {isa = PBXBuildFile; fileRef = A4A7ACF62C3B432900EE9B48 /* LocationManager.swift */; };
		A4D407262B4D100D00D97AB1 /* orbfinApp.swift in Sources */ = {isa = PBXBuildFile; fileRef = A4D407252B4D100D00D97AB1 /* orbfinApp.swift */; };
		A4D4072C2B4D100F00D97AB1 /* Assets.xcassets in Resources */ = {isa = PBXBuildFile; fileRef = A4D4072B2B4D100F00D97AB1 /* Assets.xcassets */; };
		A4D407302B4D100F00D97AB1 /* Preview Assets.xcassets in Resources */ = {isa = PBXBuildFile; fileRef = A4D4072F2B4D100F00D97AB1 /* Preview Assets.xcassets */; };
		A4EA3CD82C4A982D00CEFCFF /* ViewManagePersonalContra.swift in Sources */ = {isa = PBXBuildFile; fileRef = A4EA3CD72C4A982D00CEFCFF /* ViewManagePersonalContra.swift */; };
		A4EA3CDA2C4A985500CEFCFF /* ViewManagePersonalTax.swift in Sources */ = {isa = PBXBuildFile; fileRef = A4EA3CD92C4A985500CEFCFF /* ViewManagePersonalTax.swift */; };
		A4EA3CDC2C4B4B4300CEFCFF /* ViewModelManageBusinessTransactions.swift in Sources */ = {isa = PBXBuildFile; fileRef = A4EA3CDB2C4B4B4300CEFCFF /* ViewModelManageBusinessTransactions.swift */; };
		A4EA3CDE2C4B5D4C00CEFCFF /* OneColumnView.swift in Sources */ = {isa = PBXBuildFile; fileRef = A4EA3CDD2C4B5D4C00CEFCFF /* OneColumnView.swift */; };
		A4EA3CE02C4B5D8D00CEFCFF /* TwoColumnView.swift in Sources */ = {isa = PBXBuildFile; fileRef = A4EA3CDF2C4B5D8D00CEFCFF /* TwoColumnView.swift */; };
		A4EA3CE22C4B5DA400CEFCFF /* ThreeColumnView.swift in Sources */ = {isa = PBXBuildFile; fileRef = A4EA3CE12C4B5DA400CEFCFF /* ThreeColumnView.swift */; };
		A4EA3CE42C4C379200CEFCFF /* ViewHomeMenu.swift in Sources */ = {isa = PBXBuildFile; fileRef = A4EA3CE32C4C379200CEFCFF /* ViewHomeMenu.swift */; };
		A4EA3CE62C4C41D300CEFCFF /* ViewLayoutExperience.swift in Sources */ = {isa = PBXBuildFile; fileRef = A4EA3CE52C4C41D300CEFCFF /* ViewLayoutExperience.swift */; };
		A4EA3CE82C4C787F00CEFCFF /* LayoutExperienceSetting.swift in Sources */ = {isa = PBXBuildFile; fileRef = A4EA3CE72C4C787F00CEFCFF /* LayoutExperienceSetting.swift */; };
		A4EA3CEA2C4C791F00CEFCFF /* Settings.swift in Sources */ = {isa = PBXBuildFile; fileRef = A4EA3CE92C4C791F00CEFCFF /* Settings.swift */; };
		A4EA3CEC2C4C7F8000CEFCFF /* ViewLayoutExperienceSelection.swift in Sources */ = {isa = PBXBuildFile; fileRef = A4EA3CEB2C4C7F8000CEFCFF /* ViewLayoutExperienceSelection.swift */; };
		A4EA3CEF2C4CBA0A00CEFCFF /* ViewLoggedIn.swift in Sources */ = {isa = PBXBuildFile; fileRef = A4EA3CEE2C4CBA0A00CEFCFF /* ViewLoggedIn.swift */; };
		A4EA3CF12C4ECAF400CEFCFF /* ViewManageBusinessIncome.swift in Sources */ = {isa = PBXBuildFile; fileRef = A4EA3CF02C4ECAF400CEFCFF /* ViewManageBusinessIncome.swift */; };
		A4EA3CF32C4ECB4800CEFCFF /* ViewManageBusinessExpenses.swift in Sources */ = {isa = PBXBuildFile; fileRef = A4EA3CF22C4ECB4800CEFCFF /* ViewManageBusinessExpenses.swift */; };
		A4EA3CF52C4ECB7600CEFCFF /* ViewManageBusinessRevenue.swift in Sources */ = {isa = PBXBuildFile; fileRef = A4EA3CF42C4ECB7600CEFCFF /* ViewManageBusinessRevenue.swift */; };
		A4EA3CF72C4ECBB300CEFCFF /* ViewManageBusinessAssets.swift in Sources */ = {isa = PBXBuildFile; fileRef = A4EA3CF62C4ECBB300CEFCFF /* ViewManageBusinessAssets.swift */; };
		A4EA3CF92C4ECBE700CEFCFF /* ViewManageBusinessLiabilities.swift in Sources */ = {isa = PBXBuildFile; fileRef = A4EA3CF82C4ECBE700CEFCFF /* ViewManageBusinessLiabilities.swift */; };
		A4EA3CFB2C4ECCC300CEFCFF /* ViewManageBusinessEquity.swift in Sources */ = {isa = PBXBuildFile; fileRef = A4EA3CFA2C4ECCC300CEFCFF /* ViewManageBusinessEquity.swift */; };
		A4EA3CFD2C4ECD2200CEFCFF /* ViewManageBusinessContra.swift in Sources */ = {isa = PBXBuildFile; fileRef = A4EA3CFC2C4ECD2200CEFCFF /* ViewManageBusinessContra.swift */; };
		A4EA3CFF2C4ECD5100CEFCFF /* ViewManageBusinessTax.swift in Sources */ = {isa = PBXBuildFile; fileRef = A4EA3CFE2C4ECD5100CEFCFF /* ViewManageBusinessTax.swift */; };
/* End PBXBuildFile section */

/* Begin PBXFileReference section */
		A435414E2C3B71EE00B32BC1 /* ViewModelLogin.swift */ = {isa = PBXFileReference; lastKnownFileType = sourcecode.swift; path = ViewModelLogin.swift; sourceTree = "<group>"; };
		A43541502C3B8C7B00B32BC1 /* ComponentMap.swift */ = {isa = PBXFileReference; lastKnownFileType = sourcecode.swift; path = ComponentMap.swift; sourceTree = "<group>"; };
		A43541522C3B8F3100B32BC1 /* Login.swift */ = {isa = PBXFileReference; lastKnownFileType = sourcecode.swift; path = Login.swift; sourceTree = "<group>"; };
		A43541562C3BAB4F00B32BC1 /* Info.plist */ = {isa = PBXFileReference; lastKnownFileType = text.plist; path = Info.plist; sourceTree = "<group>"; };
		A43541582C3EAC4700B32BC1 /* ResponseLogin.swift */ = {isa = PBXFileReference; lastKnownFileType = sourcecode.swift; path = ResponseLogin.swift; sourceTree = "<group>"; };
		A435415B2C3EB31F00B32BC1 /* RequestLogin.swift */ = {isa = PBXFileReference; lastKnownFileType = sourcecode.swift; path = RequestLogin.swift; sourceTree = "<group>"; };
		A435415D2C3EC20B00B32BC1 /* Coordinates.swift */ = {isa = PBXFileReference; lastKnownFileType = sourcecode.swift; path = Coordinates.swift; sourceTree = "<group>"; };
		A435415F2C3EC4FD00B32BC1 /* Models.swift */ = {isa = PBXFileReference; lastKnownFileType = sourcecode.swift; path = Models.swift; sourceTree = "<group>"; };
		A43541612C3EDACF00B32BC1 /* Styling.swift */ = {isa = PBXFileReference; lastKnownFileType = sourcecode.swift; path = Styling.swift; sourceTree = "<group>"; };
		A43541642C3F02BA00B32BC1 /* InputUsername.swift */ = {isa = PBXFileReference; lastKnownFileType = sourcecode.swift; path = InputUsername.swift; sourceTree = "<group>"; };
		A43541662C3F098F00B32BC1 /* InputPassword.swift */ = {isa = PBXFileReference; lastKnownFileType = sourcecode.swift; path = InputPassword.swift; sourceTree = "<group>"; };
		A43C29C72C3F4E34002BF1AE /* InputTextField.swift */ = {isa = PBXFileReference; lastKnownFileType = sourcecode.swift; path = InputTextField.swift; sourceTree = "<group>"; };
		A43C29C92C4004C2002BF1AE /* BackendURLs.swift */ = {isa = PBXFileReference; lastKnownFileType = sourcecode.swift; path = BackendURLs.swift; sourceTree = "<group>"; };
		A43C29CB2C4005C2002BF1AE /* NetworkManager.swift */ = {isa = PBXFileReference; lastKnownFileType = sourcecode.swift; path = NetworkManager.swift; sourceTree = "<group>"; };
		A43C29CD2C4034CC002BF1AE /* ResponseServer.swift */ = {isa = PBXFileReference; lastKnownFileType = sourcecode.swift; path = ResponseServer.swift; sourceTree = "<group>"; };
		A43C29CF2C404B70002BF1AE /* Network.swift */ = {isa = PBXFileReference; lastKnownFileType = sourcecode.swift; path = Network.swift; sourceTree = "<group>"; };
		A43C29D22C404CD3002BF1AE /* Logout.swift */ = {isa = PBXFileReference; lastKnownFileType = sourcecode.swift; path = Logout.swift; sourceTree = "<group>"; };
		A43C29D42C404E16002BF1AE /* ResponseLogout.swift */ = {isa = PBXFileReference; lastKnownFileType = sourcecode.swift; path = ResponseLogout.swift; sourceTree = "<group>"; };
		A43C29D62C405404002BF1AE /* RequestLogout.swift */ = {isa = PBXFileReference; lastKnownFileType = sourcecode.swift; path = RequestLogout.swift; sourceTree = "<group>"; };
		A43C29D82C4054F1002BF1AE /* ViewModelLogout.swift */ = {isa = PBXFileReference; lastKnownFileType = sourcecode.swift; path = ViewModelLogout.swift; sourceTree = "<group>"; };
		A43C29DA2C405A98002BF1AE /* RequestForgot.swift */ = {isa = PBXFileReference; lastKnownFileType = sourcecode.swift; path = RequestForgot.swift; sourceTree = "<group>"; };
		A43C29DC2C406727002BF1AE /* Forgot.swift */ = {isa = PBXFileReference; lastKnownFileType = sourcecode.swift; path = Forgot.swift; sourceTree = "<group>"; };
		A43C29DE2C4068AE002BF1AE /* ResponseForgot.swift */ = {isa = PBXFileReference; lastKnownFileType = sourcecode.swift; path = ResponseForgot.swift; sourceTree = "<group>"; };
		A43C29E02C406ECE002BF1AE /* InputEmail.swift */ = {isa = PBXFileReference; lastKnownFileType = sourcecode.swift; path = InputEmail.swift; sourceTree = "<group>"; };
		A43C29E22C406F5B002BF1AE /* ViewModelForgot.swift */ = {isa = PBXFileReference; lastKnownFileType = sourcecode.swift; path = ViewModelForgot.swift; sourceTree = "<group>"; };
		A43C29E42C407658002BF1AE /* StorageUserDefaults.swift */ = {isa = PBXFileReference; lastKnownFileType = sourcecode.swift; path = StorageUserDefaults.swift; sourceTree = "<group>"; };
		A43C29E62C407B0C002BF1AE /* AuthenticationCredentials.swift */ = {isa = PBXFileReference; lastKnownFileType = sourcecode.swift; path = AuthenticationCredentials.swift; sourceTree = "<group>"; };
		A43C29E82C40F44A002BF1AE /* ComponentCard.swift */ = {isa = PBXFileReference; lastKnownFileType = sourcecode.swift; path = ComponentCard.swift; sourceTree = "<group>"; };
		A43C29EA2C40FEC8002BF1AE /* ViewLogout.swift */ = {isa = PBXFileReference; lastKnownFileType = sourcecode.swift; path = ViewLogout.swift; sourceTree = "<group>"; };
		A43C29EC2C4103AF002BF1AE /* Authentication.swift */ = {isa = PBXFileReference; lastKnownFileType = sourcecode.swift; path = Authentication.swift; sourceTree = "<group>"; };
		A43C29EE2C411F72002BF1AE /* ViewHome.swift */ = {isa = PBXFileReference; lastKnownFileType = sourcecode.swift; path = ViewHome.swift; sourceTree = "<group>"; };
		A43C29F02C4189CD002BF1AE /* ViewForgot.swift */ = {isa = PBXFileReference; lastKnownFileType = sourcecode.swift; path = ViewForgot.swift; sourceTree = "<group>"; };
		A43C29F22C4189FD002BF1AE /* ViewSignUp.swift */ = {isa = PBXFileReference; lastKnownFileType = sourcecode.swift; path = ViewSignUp.swift; sourceTree = "<group>"; };
		A43C29F52C4197C6002BF1AE /* ComponentBar.swift */ = {isa = PBXFileReference; lastKnownFileType = sourcecode.swift; path = ComponentBar.swift; sourceTree = "<group>"; };
		A43C29F72C4199FD002BF1AE /* ComponentButtonBar.swift */ = {isa = PBXFileReference; lastKnownFileType = sourcecode.swift; path = ComponentButtonBar.swift; sourceTree = "<group>"; };
		A43C29FA2C41A82C002BF1AE /* Navigation.swift */ = {isa = PBXFileReference; lastKnownFileType = sourcecode.swift; path = Navigation.swift; sourceTree = "<group>"; };
		A43C29FC2C41B31F002BF1AE /* ComponentButtonH.swift */ = {isa = PBXFileReference; lastKnownFileType = sourcecode.swift; path = ComponentButtonH.swift; sourceTree = "<group>"; };
		A4605E962C4205D60091CC52 /* ViewModelHome.swift */ = {isa = PBXFileReference; lastKnownFileType = sourcecode.swift; path = ViewModelHome.swift; sourceTree = "<group>"; };
		A4605E992C4228160091CC52 /* StatusBar.swift */ = {isa = PBXFileReference; lastKnownFileType = sourcecode.swift; path = StatusBar.swift; sourceTree = "<group>"; };
		A4605E9B2C46D0BC0091CC52 /* ViewManage.swift */ = {isa = PBXFileReference; lastKnownFileType = sourcecode.swift; path = ViewManage.swift; sourceTree = "<group>"; tabWidth = 4; };
		A4605E9D2C46D1A80091CC52 /* Page.swift */ = {isa = PBXFileReference; lastKnownFileType = sourcecode.swift; path = Page.swift; sourceTree = "<group>"; };
		A4605EA22C46F1000091CC52 /* ViewInvest.swift */ = {isa = PBXFileReference; lastKnownFileType = sourcecode.swift; path = ViewInvest.swift; sourceTree = "<group>"; };
		A4605EA42C46F15C0091CC52 /* ViewServices.swift */ = {isa = PBXFileReference; lastKnownFileType = sourcecode.swift; path = ViewServices.swift; sourceTree = "<group>"; };
		A49C0BAF2C472CEE00968AFB /* ComponentButtonDoubleH.swift */ = {isa = PBXFileReference; lastKnownFileType = sourcecode.swift; path = ComponentButtonDoubleH.swift; sourceTree = "<group>"; };
		A49C0BB12C4765E800968AFB /* ComponentButtonHNav.swift */ = {isa = PBXFileReference; lastKnownFileType = sourcecode.swift; path = ComponentButtonHNav.swift; sourceTree = "<group>"; };
		A49C0BB52C476AF700968AFB /* ViewManageBusiness.swift */ = {isa = PBXFileReference; lastKnownFileType = sourcecode.swift; path = ViewManageBusiness.swift; sourceTree = "<group>"; };
		A49C0BB72C476B1900968AFB /* ViewManagePersonal.swift */ = {isa = PBXFileReference; lastKnownFileType = sourcecode.swift; path = ViewManagePersonal.swift; sourceTree = "<group>"; };
		A49C0BB92C47715700968AFB /* ViewManagePersonalIncome.swift */ = {isa = PBXFileReference; lastKnownFileType = sourcecode.swift; path = ViewManagePersonalIncome.swift; sourceTree = "<group>"; };
		A49C0BBB2C4771A700968AFB /* ViewManagePersonalExpenses.swift */ = {isa = PBXFileReference; lastKnownFileType = sourcecode.swift; path = ViewManagePersonalExpenses.swift; sourceTree = "<group>"; };
		A49C0BBD2C47723300968AFB /* ViewManagePersonalLiabilities.swift */ = {isa = PBXFileReference; lastKnownFileType = sourcecode.swift; path = ViewManagePersonalLiabilities.swift; sourceTree = "<group>"; };
		A49C0BBF2C47728900968AFB /* ViewManagePersonalAssets.swift */ = {isa = PBXFileReference; lastKnownFileType = sourcecode.swift; path = ViewManagePersonalAssets.swift; sourceTree = "<group>"; };
		A49C0BC12C4772FA00968AFB /* ViewManagePersonalRevenue.swift */ = {isa = PBXFileReference; lastKnownFileType = sourcecode.swift; path = ViewManagePersonalRevenue.swift; sourceTree = "<group>"; };
		A49C0BC32C4775C200968AFB /* ViewManagePersonalTransactions.swift */ = {isa = PBXFileReference; lastKnownFileType = sourcecode.swift; path = ViewManagePersonalTransactions.swift; sourceTree = "<group>"; };
		A49C0BC52C4775E900968AFB /* ViewManageBusinessTransactions.swift */ = {isa = PBXFileReference; lastKnownFileType = sourcecode.swift; path = ViewManageBusinessTransactions.swift; sourceTree = "<group>"; };
		A49C0BC72C4833DA00968AFB /* Menu.swift */ = {isa = PBXFileReference; lastKnownFileType = sourcecode.swift; path = Menu.swift; sourceTree = "<group>"; };
		A49C0BC92C483D5800968AFB /* ViewType.swift */ = {isa = PBXFileReference; lastKnownFileType = sourcecode.swift; path = ViewType.swift; sourceTree = "<group>"; };
		A49C0BCD2C489BD800968AFB /* ViewModelManageBusiness.swift */ = {isa = PBXFileReference; lastKnownFileType = sourcecode.swift; path = ViewModelManageBusiness.swift; sourceTree = "<group>"; };
		A49C0BD02C489CD300968AFB /* Transaction.swift */ = {isa = PBXFileReference; lastKnownFileType = sourcecode.swift; path = Transaction.swift; sourceTree = "<group>"; };
		A49C0BD22C4951C300968AFB /* ContentMenu.swift */ = {isa = PBXFileReference; lastKnownFileType = sourcecode.swift; path = ContentMenu.swift; sourceTree = "<group>"; };
		A49C0BD92C49B33400968AFB /* ContentView.swift */ = {isa = PBXFileReference; lastKnownFileType = sourcecode.swift; path = ContentView.swift; sourceTree = "<group>"; };
		A49C0BDC2C4A019A00968AFB /* ViewCommercial.swift */ = {isa = PBXFileReference; lastKnownFileType = sourcecode.swift; path = ViewCommercial.swift; sourceTree = "<group>"; };
		A49C0BDE2C4A01AE00968AFB /* ViewResidential.swift */ = {isa = PBXFileReference; lastKnownFileType = sourcecode.swift; path = ViewResidential.swift; sourceTree = "<group>"; };
		A49C0BE22C4A028700968AFB /* ViewTangibleAssetsBusiness.swift */ = {isa = PBXFileReference; lastKnownFileType = sourcecode.swift; path = ViewTangibleAssetsBusiness.swift; sourceTree = "<group>"; };
		A49C0BE52C4A032C00968AFB /* ViewTangibleAssetsCommercial.swift */ = {isa = PBXFileReference; lastKnownFileType = sourcecode.swift; path = ViewTangibleAssetsCommercial.swift; sourceTree = "<group>"; };
		A49C0BE72C4A034800968AFB /* ViewTangibleAssetsResidential.swift */ = {isa = PBXFileReference; lastKnownFileType = sourcecode.swift; path = ViewTangibleAssetsResidential.swift; sourceTree = "<group>"; };
		A49C0BE92C4A08B700968AFB /* ViewRealEstate.swift */ = {isa = PBXFileReference; lastKnownFileType = sourcecode.swift; path = ViewRealEstate.swift; sourceTree = "<group>"; };
		A49C0BEB2C4A0CFE00968AFB /* ViewTangibleAssets.swift */ = {isa = PBXFileReference; lastKnownFileType = sourcecode.swift; path = ViewTangibleAssets.swift; sourceTree = "<group>"; };
		A49C0BED2C4A0DBE00968AFB /* ViewTangibleAssetsRealEstate.swift */ = {isa = PBXFileReference; lastKnownFileType = sourcecode.swift; path = ViewTangibleAssetsRealEstate.swift; sourceTree = "<group>"; };
		A49C0BF02C4A139800968AFB /* ViewSettings.swift */ = {isa = PBXFileReference; lastKnownFileType = sourcecode.swift; path = ViewSettings.swift; sourceTree = "<group>"; };
		A49C0BF32C4A15C200968AFB /* ViewNotary.swift */ = {isa = PBXFileReference; lastKnownFileType = sourcecode.swift; path = ViewNotary.swift; sourceTree = "<group>"; };
		A49C0BF52C4A1BEA00968AFB /* Format.swift */ = {isa = PBXFileReference; lastKnownFileType = sourcecode.swift; path = Format.swift; sourceTree = "<group>"; };
		A49C0BF82C4A1EF500968AFB /* ManageSummary.swift */ = {isa = PBXFileReference; lastKnownFileType = sourcecode.swift; path = ManageSummary.swift; sourceTree = "<group>"; };
		A49C0BFA2C4A8F9900968AFB /* ViewManagePersonalEquity.swift */ = {isa = PBXFileReference; lastKnownFileType = sourcecode.swift; path = ViewManagePersonalEquity.swift; sourceTree = "<group>"; };
		A4A7ACF32C3B3BE100EE9B48 /* ViewLogin.swift */ = {isa = PBXFileReference; lastKnownFileType = sourcecode.swift; path = ViewLogin.swift; sourceTree = "<group>"; };
		A4A7ACF62C3B432900EE9B48 /* LocationManager.swift */ = {isa = PBXFileReference; lastKnownFileType = sourcecode.swift; path = LocationManager.swift; sourceTree = "<group>"; };
		A4D407222B4D100D00D97AB1 /* orbfin.app */ = {isa = PBXFileReference; explicitFileType = wrapper.application; includeInIndex = 0; path = orbfin.app; sourceTree = BUILT_PRODUCTS_DIR; };
		A4D407252B4D100D00D97AB1 /* orbfinApp.swift */ = {isa = PBXFileReference; lastKnownFileType = sourcecode.swift; path = orbfinApp.swift; sourceTree = "<group>"; };
		A4D4072B2B4D100F00D97AB1 /* Assets.xcassets */ = {isa = PBXFileReference; lastKnownFileType = folder.assetcatalog; path = Assets.xcassets; sourceTree = "<group>"; };
		A4D4072D2B4D100F00D97AB1 /* orbfin.entitlements */ = {isa = PBXFileReference; lastKnownFileType = text.plist.entitlements; path = orbfin.entitlements; sourceTree = "<group>"; };
		A4D4072F2B4D100F00D97AB1 /* Preview Assets.xcassets */ = {isa = PBXFileReference; lastKnownFileType = folder.assetcatalog; path = "Preview Assets.xcassets"; sourceTree = "<group>"; };
		A4EA3CD72C4A982D00CEFCFF /* ViewManagePersonalContra.swift */ = {isa = PBXFileReference; lastKnownFileType = sourcecode.swift; path = ViewManagePersonalContra.swift; sourceTree = "<group>"; };
		A4EA3CD92C4A985500CEFCFF /* ViewManagePersonalTax.swift */ = {isa = PBXFileReference; lastKnownFileType = sourcecode.swift; path = ViewManagePersonalTax.swift; sourceTree = "<group>"; };
		A4EA3CDB2C4B4B4300CEFCFF /* ViewModelManageBusinessTransactions.swift */ = {isa = PBXFileReference; lastKnownFileType = sourcecode.swift; path = ViewModelManageBusinessTransactions.swift; sourceTree = "<group>"; };
		A4EA3CDD2C4B5D4C00CEFCFF /* OneColumnView.swift */ = {isa = PBXFileReference; lastKnownFileType = sourcecode.swift; path = OneColumnView.swift; sourceTree = "<group>"; };
		A4EA3CDF2C4B5D8D00CEFCFF /* TwoColumnView.swift */ = {isa = PBXFileReference; lastKnownFileType = sourcecode.swift; path = TwoColumnView.swift; sourceTree = "<group>"; };
		A4EA3CE12C4B5DA400CEFCFF /* ThreeColumnView.swift */ = {isa = PBXFileReference; lastKnownFileType = sourcecode.swift; path = ThreeColumnView.swift; sourceTree = "<group>"; };
		A4EA3CE32C4C379200CEFCFF /* ViewHomeMenu.swift */ = {isa = PBXFileReference; lastKnownFileType = sourcecode.swift; path = ViewHomeMenu.swift; sourceTree = "<group>"; };
		A4EA3CE52C4C41D300CEFCFF /* ViewLayoutExperience.swift */ = {isa = PBXFileReference; lastKnownFileType = sourcecode.swift; path = ViewLayoutExperience.swift; sourceTree = "<group>"; };
		A4EA3CE72C4C787F00CEFCFF /* LayoutExperienceSetting.swift */ = {isa = PBXFileReference; lastKnownFileType = sourcecode.swift; path = LayoutExperienceSetting.swift; sourceTree = "<group>"; };
		A4EA3CE92C4C791F00CEFCFF /* Settings.swift */ = {isa = PBXFileReference; lastKnownFileType = sourcecode.swift; path = Settings.swift; sourceTree = "<group>"; };
		A4EA3CEB2C4C7F8000CEFCFF /* ViewLayoutExperienceSelection.swift */ = {isa = PBXFileReference; lastKnownFileType = sourcecode.swift; path = ViewLayoutExperienceSelection.swift; sourceTree = "<group>"; };
		A4EA3CEE2C4CBA0A00CEFCFF /* ViewLoggedIn.swift */ = {isa = PBXFileReference; lastKnownFileType = sourcecode.swift; path = ViewLoggedIn.swift; sourceTree = "<group>"; };
		A4EA3CF02C4ECAF400CEFCFF /* ViewManageBusinessIncome.swift */ = {isa = PBXFileReference; lastKnownFileType = sourcecode.swift; path = ViewManageBusinessIncome.swift; sourceTree = "<group>"; };
		A4EA3CF22C4ECB4800CEFCFF /* ViewManageBusinessExpenses.swift */ = {isa = PBXFileReference; lastKnownFileType = sourcecode.swift; path = ViewManageBusinessExpenses.swift; sourceTree = "<group>"; };
		A4EA3CF42C4ECB7600CEFCFF /* ViewManageBusinessRevenue.swift */ = {isa = PBXFileReference; lastKnownFileType = sourcecode.swift; path = ViewManageBusinessRevenue.swift; sourceTree = "<group>"; };
		A4EA3CF62C4ECBB300CEFCFF /* ViewManageBusinessAssets.swift */ = {isa = PBXFileReference; lastKnownFileType = sourcecode.swift; path = ViewManageBusinessAssets.swift; sourceTree = "<group>"; };
		A4EA3CF82C4ECBE700CEFCFF /* ViewManageBusinessLiabilities.swift */ = {isa = PBXFileReference; lastKnownFileType = sourcecode.swift; path = ViewManageBusinessLiabilities.swift; sourceTree = "<group>"; };
		A4EA3CFA2C4ECCC300CEFCFF /* ViewManageBusinessEquity.swift */ = {isa = PBXFileReference; lastKnownFileType = sourcecode.swift; path = ViewManageBusinessEquity.swift; sourceTree = "<group>"; };
		A4EA3CFC2C4ECD2200CEFCFF /* ViewManageBusinessContra.swift */ = {isa = PBXFileReference; lastKnownFileType = sourcecode.swift; path = ViewManageBusinessContra.swift; sourceTree = "<group>"; };
		A4EA3CFE2C4ECD5100CEFCFF /* ViewManageBusinessTax.swift */ = {isa = PBXFileReference; lastKnownFileType = sourcecode.swift; path = ViewManageBusinessTax.swift; sourceTree = "<group>"; };
/* End PBXFileReference section */

/* Begin PBXFrameworksBuildPhase section */
		A4D4071F2B4D100D00D97AB1 /* Frameworks */ = {
			isa = PBXFrameworksBuildPhase;
			buildActionMask = 2147483647;
			files = (
			);
			runOnlyForDeploymentPostprocessing = 0;
		};
/* End PBXFrameworksBuildPhase section */

/* Begin PBXGroup section */
		A43541572C3EAC2100B32BC1 /* Response */ = {
			isa = PBXGroup;
			children = (
				A43541582C3EAC4700B32BC1 /* ResponseLogin.swift */,
				A43C29CD2C4034CC002BF1AE /* ResponseServer.swift */,
				A43C29D42C404E16002BF1AE /* ResponseLogout.swift */,
				A43C29DE2C4068AE002BF1AE /* ResponseForgot.swift */,
			);
			path = Response;
			sourceTree = "<group>";
		};
		A435415A2C3EB30700B32BC1 /* Request */ = {
			isa = PBXGroup;
			children = (
				A435415B2C3EB31F00B32BC1 /* RequestLogin.swift */,
				A43C29D62C405404002BF1AE /* RequestLogout.swift */,
				A43C29DA2C405A98002BF1AE /* RequestForgot.swift */,
			);
			path = Request;
			sourceTree = "<group>";
		};
		A43541632C3F029D00B32BC1 /* Input */ = {
			isa = PBXGroup;
			children = (
				A43541642C3F02BA00B32BC1 /* InputUsername.swift */,
				A43541662C3F098F00B32BC1 /* InputPassword.swift */,
				A43C29C72C3F4E34002BF1AE /* InputTextField.swift */,
				A43C29E02C406ECE002BF1AE /* InputEmail.swift */,
			);
			path = Input;
			sourceTree = "<group>";
		};
		A43C29D12C404C5C002BF1AE /* Authentication */ = {
			isa = PBXGroup;
			children = (
				A43C29E62C407B0C002BF1AE /* AuthenticationCredentials.swift */,
				A43C29EC2C4103AF002BF1AE /* Authentication.swift */,
			);
			path = Authentication;
			sourceTree = "<group>";
		};
		A43C29F92C41A7FA002BF1AE /* Navigation */ = {
			isa = PBXGroup;
			children = (
				A43C29FA2C41A82C002BF1AE /* Navigation.swift */,
				A4605E9D2C46D1A80091CC52 /* Page.swift */,
				A49C0BC72C4833DA00968AFB /* Menu.swift */,
				A49C0BC92C483D5800968AFB /* ViewType.swift */,
				A49C0BD22C4951C300968AFB /* ContentMenu.swift */,
			);
			path = Navigation;
			sourceTree = "<group>";
		};
		A4605E942C41C0820091CC52 /* Home */ = {
			isa = PBXGroup;
			children = (
				A49C0BF72C4A1BFC00968AFB /* Format */,
				A4605E952C41C0DB0091CC52 /* Sections */,
				A4605E962C4205D60091CC52 /* ViewModelHome.swift */,
				A43C29EE2C411F72002BF1AE /* ViewHome.swift */,
				A4EA3CE32C4C379200CEFCFF /* ViewHomeMenu.swift */,
			);
			path = Home;
			sourceTree = "<group>";
		};
		A4605E952C41C0DB0091CC52 /* Sections */ = {
			isa = PBXGroup;
			children = (
				A4605E9F2C46F0340091CC52 /* Manage */,
				A4605EA02C46F03F0091CC52 /* Invest */,
				A4605EA12C46F0580091CC52 /* Services */,
			);
			path = Sections;
			sourceTree = "<group>";
		};
		A4605E982C4227D90091CC52 /* StatusBar */ = {
			isa = PBXGroup;
			children = (
				A4605E992C4228160091CC52 /* StatusBar.swift */,
			);
			path = StatusBar;
			sourceTree = "<group>";
		};
		A4605E9F2C46F0340091CC52 /* Manage */ = {
			isa = PBXGroup;
			children = (
				A49C0BCF2C489CAC00968AFB /* Models */,
				A49C0BB32C476A7700968AFB /* Personal */,
				A49C0BB42C476A9400968AFB /* Business */,
				A4605E9B2C46D0BC0091CC52 /* ViewManage.swift */,
			);
			path = Manage;
			sourceTree = "<group>";
		};
		A4605EA02C46F03F0091CC52 /* Invest */ = {
			isa = PBXGroup;
			children = (
				A49C0BE02C4A022400968AFB /* Tangible Assets */,
				A49C0BDB2C4A017800968AFB /* Real Estate */,
				A4605EA22C46F1000091CC52 /* ViewInvest.swift */,
			);
			path = Invest;
			sourceTree = "<group>";
		};
		A4605EA12C46F0580091CC52 /* Services */ = {
			isa = PBXGroup;
			children = (
				A49C0BF22C4A15A600968AFB /* Notary */,
				A4605EA42C46F15C0091CC52 /* ViewServices.swift */,
			);
			path = Services;
			sourceTree = "<group>";
		};
		A49C0BB32C476A7700968AFB /* Personal */ = {
			isa = PBXGroup;
			children = (
				A4EA3D002C4ECDCC00CEFCFF /* Views */,
			);
			path = Personal;
			sourceTree = "<group>";
		};
		A49C0BB42C476A9400968AFB /* Business */ = {
			isa = PBXGroup;
			children = (
				A49C0BCC2C489B7D00968AFB /* ViewModels */,
				A49C0BCB2C489B6100968AFB /* Views */,
			);
			path = Business;
			sourceTree = "<group>";
		};
		A49C0BCB2C489B6100968AFB /* Views */ = {
			isa = PBXGroup;
			children = (
				A49C0BB52C476AF700968AFB /* ViewManageBusiness.swift */,
				A4EA3CF02C4ECAF400CEFCFF /* ViewManageBusinessIncome.swift */,
				A4EA3CF42C4ECB7600CEFCFF /* ViewManageBusinessRevenue.swift */,
				A4EA3CF22C4ECB4800CEFCFF /* ViewManageBusinessExpenses.swift */,
				A4EA3CF62C4ECBB300CEFCFF /* ViewManageBusinessAssets.swift */,
				A4EA3CF82C4ECBE700CEFCFF /* ViewManageBusinessLiabilities.swift */,
				A4EA3CFA2C4ECCC300CEFCFF /* ViewManageBusinessEquity.swift */,
				A4EA3CFC2C4ECD2200CEFCFF /* ViewManageBusinessContra.swift */,
				A4EA3CFE2C4ECD5100CEFCFF /* ViewManageBusinessTax.swift */,
				A49C0BC52C4775E900968AFB /* ViewManageBusinessTransactions.swift */,
			);
			path = Views;
			sourceTree = "<group>";
		};
		A49C0BCC2C489B7D00968AFB /* ViewModels */ = {
			isa = PBXGroup;
			children = (
				A49C0BCD2C489BD800968AFB /* ViewModelManageBusiness.swift */,
				A4EA3CDB2C4B4B4300CEFCFF /* ViewModelManageBusinessTransactions.swift */,
			);
			path = ViewModels;
			sourceTree = "<group>";
		};
		A49C0BCF2C489CAC00968AFB /* Models */ = {
			isa = PBXGroup;
			children = (
				A49C0BD02C489CD300968AFB /* Transaction.swift */,
				A49C0BF82C4A1EF500968AFB /* ManageSummary.swift */,
			);
			path = Models;
			sourceTree = "<group>";
		};
		A49C0BD42C49AE2E00968AFB /* Login */ = {
			isa = PBXGroup;
			children = (
				A43541522C3B8F3100B32BC1 /* Login.swift */,
				A435414E2C3B71EE00B32BC1 /* ViewModelLogin.swift */,
				A4A7ACF32C3B3BE100EE9B48 /* ViewLogin.swift */,
			);
			path = Login;
			sourceTree = "<group>";
		};
		A49C0BD52C49AE3700968AFB /* Signup */ = {
			isa = PBXGroup;
			children = (
				A43C29F22C4189FD002BF1AE /* ViewSignUp.swift */,
			);
			path = Signup;
			sourceTree = "<group>";
		};
		A49C0BD62C49AED500968AFB /* Logout */ = {
			isa = PBXGroup;
			children = (
				A43C29D22C404CD3002BF1AE /* Logout.swift */,
				A43C29D82C4054F1002BF1AE /* ViewModelLogout.swift */,
				A43C29EA2C40FEC8002BF1AE /* ViewLogout.swift */,
			);
			path = Logout;
			sourceTree = "<group>";
		};
		A49C0BD72C49AF2600968AFB /* Forgot */ = {
			isa = PBXGroup;
			children = (
				A43C29DC2C406727002BF1AE /* Forgot.swift */,
				A43C29E22C406F5B002BF1AE /* ViewModelForgot.swift */,
				A43C29F02C4189CD002BF1AE /* ViewForgot.swift */,
			);
			path = Forgot;
			sourceTree = "<group>";
		};
		A49C0BDB2C4A017800968AFB /* Real Estate */ = {
			isa = PBXGroup;
			children = (
				A49C0BDC2C4A019A00968AFB /* ViewCommercial.swift */,
				A49C0BDE2C4A01AE00968AFB /* ViewResidential.swift */,
				A49C0BE92C4A08B700968AFB /* ViewRealEstate.swift */,
			);
			path = "Real Estate";
			sourceTree = "<group>";
		};
		A49C0BE02C4A022400968AFB /* Tangible Assets */ = {
			isa = PBXGroup;
			children = (
				A49C0BE42C4A030200968AFB /* Real Estate */,
				A49C0BE12C4A024500968AFB /* Business */,
				A49C0BEB2C4A0CFE00968AFB /* ViewTangibleAssets.swift */,
			);
			path = "Tangible Assets";
			sourceTree = "<group>";
		};
		A49C0BE12C4A024500968AFB /* Business */ = {
			isa = PBXGroup;
			children = (
				A49C0BE22C4A028700968AFB /* ViewTangibleAssetsBusiness.swift */,
			);
			path = Business;
			sourceTree = "<group>";
		};
		A49C0BE42C4A030200968AFB /* Real Estate */ = {
			isa = PBXGroup;
			children = (
				A49C0BE52C4A032C00968AFB /* ViewTangibleAssetsCommercial.swift */,
				A49C0BE72C4A034800968AFB /* ViewTangibleAssetsResidential.swift */,
				A49C0BED2C4A0DBE00968AFB /* ViewTangibleAssetsRealEstate.swift */,
			);
			path = "Real Estate";
			sourceTree = "<group>";
		};
		A49C0BEF2C4A132800968AFB /* Settings */ = {
			isa = PBXGroup;
			children = (
				A4EA3CED2C4C827500CEFCFF /* Layout Experience */,
				A49C0BF02C4A139800968AFB /* ViewSettings.swift */,
				A4EA3CE92C4C791F00CEFCFF /* Settings.swift */,
			);
			path = Settings;
			sourceTree = "<group>";
		};
		A49C0BF22C4A15A600968AFB /* Notary */ = {
			isa = PBXGroup;
			children = (
				A49C0BF32C4A15C200968AFB /* ViewNotary.swift */,
			);
			path = Notary;
			sourceTree = "<group>";
		};
		A49C0BF72C4A1BFC00968AFB /* Format */ = {
			isa = PBXGroup;
			children = (
				A49C0BF52C4A1BEA00968AFB /* Format.swift */,
			);
			path = Format;
			sourceTree = "<group>";
		};
		A4A7ACEC2C3B3B0A00EE9B48 /* Models */ = {
			isa = PBXGroup;
			children = (
				A435415A2C3EB30700B32BC1 /* Request */,
				A43541572C3EAC2100B32BC1 /* Response */,
				A435415D2C3EC20B00B32BC1 /* Coordinates.swift */,
				A435415F2C3EC4FD00B32BC1 /* Models.swift */,
			);
			path = Models;
			sourceTree = "<group>";
		};
		A4A7ACED2C3B3B4600EE9B48 /* Layers */ = {
			isa = PBXGroup;
			children = (
				A4A7ACF52C3B42FF00EE9B48 /* Location */,
				A4A7ACEF2C3B3B5900EE9B48 /* Storage */,
				A4A7ACEE2C3B3B5000EE9B48 /* Network */,
			);
			path = Layers;
			sourceTree = "<group>";
		};
		A4A7ACEE2C3B3B5000EE9B48 /* Network */ = {
			isa = PBXGroup;
			children = (
				A43C29CB2C4005C2002BF1AE /* NetworkManager.swift */,
				A43C29CF2C404B70002BF1AE /* Network.swift */,
			);
			path = Network;
			sourceTree = "<group>";
		};
		A4A7ACEF2C3B3B5900EE9B48 /* Storage */ = {
			isa = PBXGroup;
			children = (
				A43C29E42C407658002BF1AE /* StorageUserDefaults.swift */,
			);
			path = Storage;
			sourceTree = "<group>";
		};
		A4A7ACF02C3B3B6B00EE9B48 /* Components */ = {
			isa = PBXGroup;
			children = (
				A4605E982C4227D90091CC52 /* StatusBar */,
				A43541632C3F029D00B32BC1 /* Input */,
				A4A7ACF12C3B3B7600EE9B48 /* Buttons */,
				A43541502C3B8C7B00B32BC1 /* ComponentMap.swift */,
				A43C29E82C40F44A002BF1AE /* ComponentCard.swift */,
				A43C29F52C4197C6002BF1AE /* ComponentBar.swift */,
			);
			path = Components;
			sourceTree = "<group>";
		};
		A4A7ACF12C3B3B7600EE9B48 /* Buttons */ = {
			isa = PBXGroup;
			children = (
				A43C29F72C4199FD002BF1AE /* ComponentButtonBar.swift */,
				A43C29FC2C41B31F002BF1AE /* ComponentButtonH.swift */,
				A49C0BAF2C472CEE00968AFB /* ComponentButtonDoubleH.swift */,
				A49C0BB12C4765E800968AFB /* ComponentButtonHNav.swift */,
			);
			path = Buttons;
			sourceTree = "<group>";
		};
		A4A7ACF22C3B3B9A00EE9B48 /* Features */ = {
			isa = PBXGroup;
			children = (
			);
			path = Features;
			sourceTree = "<group>";
		};
		A4A7ACF52C3B42FF00EE9B48 /* Location */ = {
			isa = PBXGroup;
			children = (
				A4A7ACF62C3B432900EE9B48 /* LocationManager.swift */,
			);
			path = Location;
			sourceTree = "<group>";
		};
		A4D407192B4D100D00D97AB1 = {
			isa = PBXGroup;
			children = (
				A4D407242B4D100D00D97AB1 /* orbfin */,
				A4D407232B4D100D00D97AB1 /* Products */,
			);
			sourceTree = "<group>";
		};
		A4D407232B4D100D00D97AB1 /* Products */ = {
			isa = PBXGroup;
			children = (
				A4D407222B4D100D00D97AB1 /* orbfin.app */,
			);
			name = Products;
			sourceTree = "<group>";
		};
		A4D407242B4D100D00D97AB1 /* orbfin */ = {
			isa = PBXGroup;
			children = (
				A4A7ACF22C3B3B9A00EE9B48 /* Features */,
				A4A7ACF02C3B3B6B00EE9B48 /* Components */,
				A4A7ACED2C3B3B4600EE9B48 /* Layers */,
				A4A7ACEC2C3B3B0A00EE9B48 /* Models */,
				A43C29F92C41A7FA002BF1AE /* Navigation */,
				A49C0BD72C49AF2600968AFB /* Forgot */,
				A49C0BD62C49AED500968AFB /* Logout */,
				A4605E942C41C0820091CC52 /* Home */,
				A49C0BEF2C4A132800968AFB /* Settings */,
				A4EA3CEE2C4CBA0A00CEFCFF /* ViewLoggedIn.swift */,
				A43C29D12C404C5C002BF1AE /* Authentication */,
				A49C0BD42C49AE2E00968AFB /* Login */,
				A49C0BD52C49AE3700968AFB /* Signup */,
				A4EA3CDD2C4B5D4C00CEFCFF /* OneColumnView.swift */,
				A4EA3CDF2C4B5D8D00CEFCFF /* TwoColumnView.swift */,
				A4EA3CE12C4B5DA400CEFCFF /* ThreeColumnView.swift */,
				A49C0BD92C49B33400968AFB /* ContentView.swift */,
				A4D407252B4D100D00D97AB1 /* orbfinApp.swift */,
				A43541612C3EDACF00B32BC1 /* Styling.swift */,
				A43C29C92C4004C2002BF1AE /* BackendURLs.swift */,
				A4D4072B2B4D100F00D97AB1 /* Assets.xcassets */,
				A4D4072D2B4D100F00D97AB1 /* orbfin.entitlements */,
				A43541562C3BAB4F00B32BC1 /* Info.plist */,
				A4D4072E2B4D100F00D97AB1 /* Preview Content */,
			);
			path = orbfin;
			sourceTree = "<group>";
		};
		A4D4072E2B4D100F00D97AB1 /* Preview Content */ = {
			isa = PBXGroup;
			children = (
				A4D4072F2B4D100F00D97AB1 /* Preview Assets.xcassets */,
			);
			path = "Preview Content";
			sourceTree = "<group>";
		};
		A4EA3CED2C4C827500CEFCFF /* Layout Experience */ = {
			isa = PBXGroup;
			children = (
				A4EA3CEB2C4C7F8000CEFCFF /* ViewLayoutExperienceSelection.swift */,
				A4EA3CE52C4C41D300CEFCFF /* ViewLayoutExperience.swift */,
				A4EA3CE72C4C787F00CEFCFF /* LayoutExperienceSetting.swift */,
			);
			path = "Layout Experience";
			sourceTree = "<group>";
		};
		A4EA3D002C4ECDCC00CEFCFF /* Views */ = {
			isa = PBXGroup;
			children = (
				A49C0BB72C476B1900968AFB /* ViewManagePersonal.swift */,
				A49C0BB92C47715700968AFB /* ViewManagePersonalIncome.swift */,
				A49C0BC12C4772FA00968AFB /* ViewManagePersonalRevenue.swift */,
				A49C0BBB2C4771A700968AFB /* ViewManagePersonalExpenses.swift */,
				A49C0BBF2C47728900968AFB /* ViewManagePersonalAssets.swift */,
				A49C0BBD2C47723300968AFB /* ViewManagePersonalLiabilities.swift */,
				A49C0BFA2C4A8F9900968AFB /* ViewManagePersonalEquity.swift */,
				A4EA3CD72C4A982D00CEFCFF /* ViewManagePersonalContra.swift */,
				A4EA3CD92C4A985500CEFCFF /* ViewManagePersonalTax.swift */,
				A49C0BC32C4775C200968AFB /* ViewManagePersonalTransactions.swift */,
			);
			path = Views;
			sourceTree = "<group>";
		};
/* End PBXGroup section */

/* Begin PBXNativeTarget section */
		A4D407212B4D100D00D97AB1 /* orbfin */ = {
			isa = PBXNativeTarget;
			buildConfigurationList = A4D407332B4D100F00D97AB1 /* Build configuration list for PBXNativeTarget "orbfin" */;
			buildPhases = (
				A4D4071E2B4D100D00D97AB1 /* Sources */,
				A4D4071F2B4D100D00D97AB1 /* Frameworks */,
				A4D407202B4D100D00D97AB1 /* Resources */,
			);
			buildRules = (
			);
			dependencies = (
			);
			name = orbfin;
			productName = orbfin;
			productReference = A4D407222B4D100D00D97AB1 /* orbfin.app */;
			productType = "com.apple.product-type.application";
		};
/* End PBXNativeTarget section */

/* Begin PBXProject section */
		A4D4071A2B4D100D00D97AB1 /* Project object */ = {
			isa = PBXProject;
			attributes = {
				BuildIndependentTargetsInParallel = 1;
				LastSwiftUpdateCheck = 1510;
				LastUpgradeCheck = 1540;
				TargetAttributes = {
					A4D407212B4D100D00D97AB1 = {
						CreatedOnToolsVersion = 15.1;
					};
				};
			};
			buildConfigurationList = A4D4071D2B4D100D00D97AB1 /* Build configuration list for PBXProject "orbfin" */;
			compatibilityVersion = "Xcode 14.0";
			developmentRegion = en;
			hasScannedForEncodings = 0;
			knownRegions = (
				en,
				Base,
			);
			mainGroup = A4D407192B4D100D00D97AB1;
			productRefGroup = A4D407232B4D100D00D97AB1 /* Products */;
			projectDirPath = "";
			projectRoot = "";
			targets = (
				A4D407212B4D100D00D97AB1 /* orbfin */,
			);
		};
/* End PBXProject section */

/* Begin PBXResourcesBuildPhase section */
		A4D407202B4D100D00D97AB1 /* Resources */ = {
			isa = PBXResourcesBuildPhase;
			buildActionMask = 2147483647;
			files = (
				A4D407302B4D100F00D97AB1 /* Preview Assets.xcassets in Resources */,
				A4D4072C2B4D100F00D97AB1 /* Assets.xcassets in Resources */,
			);
			runOnlyForDeploymentPostprocessing = 0;
		};
/* End PBXResourcesBuildPhase section */

/* Begin PBXSourcesBuildPhase section */
		A4D4071E2B4D100D00D97AB1 /* Sources */ = {
			isa = PBXSourcesBuildPhase;
			buildActionMask = 2147483647;
			files = (
				A4605EA52C46F15C0091CC52 /* ViewServices.swift in Sources */,
				A49C0BBE2C47723300968AFB /* ViewManagePersonalLiabilities.swift in Sources */,
				A4EA3CF52C4ECB7600CEFCFF /* ViewManageBusinessRevenue.swift in Sources */,
				A435414F2C3B71EE00B32BC1 /* ViewModelLogin.swift in Sources */,
				A49C0BEC2C4A0CFE00968AFB /* ViewTangibleAssets.swift in Sources */,
				A43541512C3B8C7B00B32BC1 /* ComponentMap.swift in Sources */,
				A49C0BB62C476AF700968AFB /* ViewManageBusiness.swift in Sources */,
				A43C29CA2C4004C2002BF1AE /* BackendURLs.swift in Sources */,
				A43C29DB2C405A98002BF1AE /* RequestForgot.swift in Sources */,
				A49C0BF62C4A1BEB00968AFB /* Format.swift in Sources */,
				A4EA3CE62C4C41D300CEFCFF /* ViewLayoutExperience.swift in Sources */,
				A43C29EB2C40FEC8002BF1AE /* ViewLogout.swift in Sources */,
				A49C0BC22C4772FA00968AFB /* ViewManagePersonalRevenue.swift in Sources */,
				A4A7ACF72C3B432900EE9B48 /* LocationManager.swift in Sources */,
				A43C29E32C406F5B002BF1AE /* ViewModelForgot.swift in Sources */,
				A43C29D52C404E16002BF1AE /* ResponseLogout.swift in Sources */,
				A43C29CC2C4005C2002BF1AE /* NetworkManager.swift in Sources */,
				A49C0BE32C4A028700968AFB /* ViewTangibleAssetsBusiness.swift in Sources */,
				A49C0BB22C4765E800968AFB /* ComponentButtonHNav.swift in Sources */,
				A49C0BD12C489CD300968AFB /* Transaction.swift in Sources */,
				A43C29FB2C41A82C002BF1AE /* Navigation.swift in Sources */,
				A4EA3CF12C4ECAF400CEFCFF /* ViewManageBusinessIncome.swift in Sources */,
				A43C29E52C407658002BF1AE /* StorageUserDefaults.swift in Sources */,
				A4EA3CEC2C4C7F8000CEFCFF /* ViewLayoutExperienceSelection.swift in Sources */,
				A4EA3CDA2C4A985500CEFCFF /* ViewManagePersonalTax.swift in Sources */,
				A49C0BC62C4775E900968AFB /* ViewManageBusinessTransactions.swift in Sources */,
				A4605E9C2C46D0BC0091CC52 /* ViewManage.swift in Sources */,
				A49C0BFB2C4A8F9900968AFB /* ViewManagePersonalEquity.swift in Sources */,
				A4605E972C4205D60091CC52 /* ViewModelHome.swift in Sources */,
				A49C0BF12C4A139800968AFB /* ViewSettings.swift in Sources */,
				A43C29D32C404CD3002BF1AE /* Logout.swift in Sources */,
				A4EA3CF32C4ECB4800CEFCFF /* ViewManageBusinessExpenses.swift in Sources */,
				A43541532C3B8F3100B32BC1 /* Login.swift in Sources */,
				A43C29DF2C4068AE002BF1AE /* ResponseForgot.swift in Sources */,
				A4EA3CF72C4ECBB300CEFCFF /* ViewManageBusinessAssets.swift in Sources */,
				A49C0BB02C472CEE00968AFB /* ComponentButtonDoubleH.swift in Sources */,
				A4605E9A2C4228160091CC52 /* StatusBar.swift in Sources */,
				A43C29D92C4054F2002BF1AE /* ViewModelLogout.swift in Sources */,
				A43541592C3EAC4700B32BC1 /* ResponseLogin.swift in Sources */,
				A49C0BD32C4951C300968AFB /* ContentMenu.swift in Sources */,
				A49C0BE62C4A032C00968AFB /* ViewTangibleAssetsCommercial.swift in Sources */,
				A4EA3CF92C4ECBE700CEFCFF /* ViewManageBusinessLiabilities.swift in Sources */,
				A49C0BF92C4A1EF500968AFB /* ManageSummary.swift in Sources */,
				A49C0BBC2C4771A700968AFB /* ViewManagePersonalExpenses.swift in Sources */,
				A43C29ED2C4103AF002BF1AE /* Authentication.swift in Sources */,
				A49C0BC02C47728900968AFB /* ViewManagePersonalAssets.swift in Sources */,
				A4EA3CEF2C4CBA0A00CEFCFF /* ViewLoggedIn.swift in Sources */,
				A43C29DD2C406727002BF1AE /* Forgot.swift in Sources */,
				A49C0BDF2C4A01AE00968AFB /* ViewResidential.swift in Sources */,
				A49C0BC82C4833DA00968AFB /* Menu.swift in Sources */,
				A43C29CE2C4034CC002BF1AE /* ResponseServer.swift in Sources */,
				A4A7ACF42C3B3BE100EE9B48 /* ViewLogin.swift in Sources */,
				A4EA3CE42C4C379200CEFCFF /* ViewHomeMenu.swift in Sources */,
				A43C29E12C406ECE002BF1AE /* InputEmail.swift in Sources */,
				A4EA3CD82C4A982D00CEFCFF /* ViewManagePersonalContra.swift in Sources */,
				A49C0BB82C476B1900968AFB /* ViewManagePersonal.swift in Sources */,
				A49C0BEE2C4A0DBE00968AFB /* ViewTangibleAssetsRealEstate.swift in Sources */,
				A43C29F82C4199FD002BF1AE /* ComponentButtonBar.swift in Sources */,
				A435415E2C3EC20B00B32BC1 /* Coordinates.swift in Sources */,
				A43C29F12C4189CD002BF1AE /* ViewForgot.swift in Sources */,
				A4D407262B4D100D00D97AB1 /* orbfinApp.swift in Sources */,
				A4EA3CEA2C4C791F00CEFCFF /* Settings.swift in Sources */,
				A43C29F32C4189FD002BF1AE /* ViewSignUp.swift in Sources */,
				A49C0BDA2C49B33400968AFB /* ContentView.swift in Sources */,
				A435415C2C3EB31F00B32BC1 /* RequestLogin.swift in Sources */,
				A43541602C3EC4FD00B32BC1 /* Models.swift in Sources */,
				A49C0BF42C4A15C200968AFB /* ViewNotary.swift in Sources */,
				A49C0BEA2C4A08B700968AFB /* ViewRealEstate.swift in Sources */,
				A49C0BCA2C483D5800968AFB /* ViewType.swift in Sources */,
				A43541652C3F02BA00B32BC1 /* InputUsername.swift in Sources */,
				A43C29D02C404B70002BF1AE /* Network.swift in Sources */,
				A43541622C3EDACF00B32BC1 /* Styling.swift in Sources */,
				A4EA3CE82C4C787F00CEFCFF /* LayoutExperienceSetting.swift in Sources */,
				A43C29E72C407B0C002BF1AE /* AuthenticationCredentials.swift in Sources */,
				A49C0BCE2C489BD800968AFB /* ViewModelManageBusiness.swift in Sources */,
				A43C29C82C3F4E34002BF1AE /* InputTextField.swift in Sources */,
				A4EA3CFB2C4ECCC300CEFCFF /* ViewManageBusinessEquity.swift in Sources */,
				A4EA3CE02C4B5D8D00CEFCFF /* TwoColumnView.swift in Sources */,
				A4EA3CFF2C4ECD5100CEFCFF /* ViewManageBusinessTax.swift in Sources */,
				A49C0BC42C4775C200968AFB /* ViewManagePersonalTransactions.swift in Sources */,
				A43C29EF2C411F72002BF1AE /* ViewHome.swift in Sources */,
				A43C29D72C405404002BF1AE /* RequestLogout.swift in Sources */,
				A4EA3CDC2C4B4B4300CEFCFF /* ViewModelManageBusinessTransactions.swift in Sources */,
				A43C29FD2C41B31F002BF1AE /* ComponentButtonH.swift in Sources */,
				A43C29F62C4197C6002BF1AE /* ComponentBar.swift in Sources */,
				A4EA3CFD2C4ECD2200CEFCFF /* ViewManageBusinessContra.swift in Sources */,
				A4605E9E2C46D1A80091CC52 /* Page.swift in Sources */,
				A4EA3CE22C4B5DA400CEFCFF /* ThreeColumnView.swift in Sources */,
				A49C0BBA2C47715700968AFB /* ViewManagePersonalIncome.swift in Sources */,
				A4EA3CDE2C4B5D4C00CEFCFF /* OneColumnView.swift in Sources */,
				A49C0BE82C4A034800968AFB /* ViewTangibleAssetsResidential.swift in Sources */,
				A43541672C3F098F00B32BC1 /* InputPassword.swift in Sources */,
				A43C29E92C40F44A002BF1AE /* ComponentCard.swift in Sources */,
				A4605EA32C46F1000091CC52 /* ViewInvest.swift in Sources */,
				A49C0BDD2C4A019A00968AFB /* ViewCommercial.swift in Sources */,
			);
			runOnlyForDeploymentPostprocessing = 0;
		};
/* End PBXSourcesBuildPhase section */

/* Begin XCBuildConfiguration section */
		A4D407312B4D100F00D97AB1 /* Debug */ = {
			isa = XCBuildConfiguration;
			buildSettings = {
				ALWAYS_SEARCH_USER_PATHS = NO;
				ASSETCATALOG_COMPILER_GENERATE_SWIFT_ASSET_SYMBOL_EXTENSIONS = YES;
				CLANG_ANALYZER_NONNULL = YES;
				CLANG_ANALYZER_NUMBER_OBJECT_CONVERSION = YES_AGGRESSIVE;
				CLANG_CXX_LANGUAGE_STANDARD = "gnu++20";
				CLANG_ENABLE_MODULES = YES;
				CLANG_ENABLE_OBJC_ARC = YES;
				CLANG_ENABLE_OBJC_WEAK = YES;
				CLANG_WARN_BLOCK_CAPTURE_AUTORELEASING = YES;
				CLANG_WARN_BOOL_CONVERSION = YES;
				CLANG_WARN_COMMA = YES;
				CLANG_WARN_CONSTANT_CONVERSION = YES;
				CLANG_WARN_DEPRECATED_OBJC_IMPLEMENTATIONS = YES;
				CLANG_WARN_DIRECT_OBJC_ISA_USAGE = YES_ERROR;
				CLANG_WARN_DOCUMENTATION_COMMENTS = YES;
				CLANG_WARN_EMPTY_BODY = YES;
				CLANG_WARN_ENUM_CONVERSION = YES;
				CLANG_WARN_INFINITE_RECURSION = YES;
				CLANG_WARN_INT_CONVERSION = YES;
				CLANG_WARN_NON_LITERAL_NULL_CONVERSION = YES;
				CLANG_WARN_OBJC_IMPLICIT_RETAIN_SELF = YES;
				CLANG_WARN_OBJC_LITERAL_CONVERSION = YES;
				CLANG_WARN_OBJC_ROOT_CLASS = YES_ERROR;
				CLANG_WARN_QUOTED_INCLUDE_IN_FRAMEWORK_HEADER = YES;
				CLANG_WARN_RANGE_LOOP_ANALYSIS = YES;
				CLANG_WARN_STRICT_PROTOTYPES = YES;
				CLANG_WARN_SUSPICIOUS_MOVE = YES;
				CLANG_WARN_UNGUARDED_AVAILABILITY = YES_AGGRESSIVE;
				CLANG_WARN_UNREACHABLE_CODE = YES;
				CLANG_WARN__DUPLICATE_METHOD_MATCH = YES;
				COPY_PHASE_STRIP = NO;
				DEAD_CODE_STRIPPING = YES;
				DEBUG_INFORMATION_FORMAT = dwarf;
				ENABLE_STRICT_OBJC_MSGSEND = YES;
				ENABLE_TESTABILITY = YES;
				ENABLE_USER_SCRIPT_SANDBOXING = YES;
				GCC_C_LANGUAGE_STANDARD = gnu17;
				GCC_DYNAMIC_NO_PIC = NO;
				GCC_NO_COMMON_BLOCKS = YES;
				GCC_OPTIMIZATION_LEVEL = 0;
				GCC_PREPROCESSOR_DEFINITIONS = (
					"DEBUG=1",
					"$(inherited)",
				);
				GCC_WARN_64_TO_32_BIT_CONVERSION = YES;
				GCC_WARN_ABOUT_RETURN_TYPE = YES_ERROR;
				GCC_WARN_UNDECLARED_SELECTOR = YES;
				GCC_WARN_UNINITIALIZED_AUTOS = YES_AGGRESSIVE;
				GCC_WARN_UNUSED_FUNCTION = YES;
				GCC_WARN_UNUSED_VARIABLE = YES;
				LOCALIZATION_PREFERS_STRING_CATALOGS = YES;
				MTL_ENABLE_DEBUG_INFO = INCLUDE_SOURCE;
				MTL_FAST_MATH = YES;
				NEW_SETTING = "";
				ONLY_ACTIVE_ARCH = YES;
				SWIFT_ACTIVE_COMPILATION_CONDITIONS = "DEBUG $(inherited)";
				SWIFT_OPTIMIZATION_LEVEL = "-Onone";
			};
			name = Debug;
		};
		A4D407322B4D100F00D97AB1 /* Release */ = {
			isa = XCBuildConfiguration;
			buildSettings = {
				ALWAYS_SEARCH_USER_PATHS = NO;
				ASSETCATALOG_COMPILER_GENERATE_SWIFT_ASSET_SYMBOL_EXTENSIONS = YES;
				CLANG_ANALYZER_NONNULL = YES;
				CLANG_ANALYZER_NUMBER_OBJECT_CONVERSION = YES_AGGRESSIVE;
				CLANG_CXX_LANGUAGE_STANDARD = "gnu++20";
				CLANG_ENABLE_MODULES = YES;
				CLANG_ENABLE_OBJC_ARC = YES;
				CLANG_ENABLE_OBJC_WEAK = YES;
				CLANG_WARN_BLOCK_CAPTURE_AUTORELEASING = YES;
				CLANG_WARN_BOOL_CONVERSION = YES;
				CLANG_WARN_COMMA = YES;
				CLANG_WARN_CONSTANT_CONVERSION = YES;
				CLANG_WARN_DEPRECATED_OBJC_IMPLEMENTATIONS = YES;
				CLANG_WARN_DIRECT_OBJC_ISA_USAGE = YES_ERROR;
				CLANG_WARN_DOCUMENTATION_COMMENTS = YES;
				CLANG_WARN_EMPTY_BODY = YES;
				CLANG_WARN_ENUM_CONVERSION = YES;
				CLANG_WARN_INFINITE_RECURSION = YES;
				CLANG_WARN_INT_CONVERSION = YES;
				CLANG_WARN_NON_LITERAL_NULL_CONVERSION = YES;
				CLANG_WARN_OBJC_IMPLICIT_RETAIN_SELF = YES;
				CLANG_WARN_OBJC_LITERAL_CONVERSION = YES;
				CLANG_WARN_OBJC_ROOT_CLASS = YES_ERROR;
				CLANG_WARN_QUOTED_INCLUDE_IN_FRAMEWORK_HEADER = YES;
				CLANG_WARN_RANGE_LOOP_ANALYSIS = YES;
				CLANG_WARN_STRICT_PROTOTYPES = YES;
				CLANG_WARN_SUSPICIOUS_MOVE = YES;
				CLANG_WARN_UNGUARDED_AVAILABILITY = YES_AGGRESSIVE;
				CLANG_WARN_UNREACHABLE_CODE = YES;
				CLANG_WARN__DUPLICATE_METHOD_MATCH = YES;
				COPY_PHASE_STRIP = NO;
				DEAD_CODE_STRIPPING = YES;
				DEBUG_INFORMATION_FORMAT = "dwarf-with-dsym";
				ENABLE_NS_ASSERTIONS = NO;
				ENABLE_STRICT_OBJC_MSGSEND = YES;
				ENABLE_USER_SCRIPT_SANDBOXING = YES;
				GCC_C_LANGUAGE_STANDARD = gnu17;
				GCC_NO_COMMON_BLOCKS = YES;
				GCC_WARN_64_TO_32_BIT_CONVERSION = YES;
				GCC_WARN_ABOUT_RETURN_TYPE = YES_ERROR;
				GCC_WARN_UNDECLARED_SELECTOR = YES;
				GCC_WARN_UNINITIALIZED_AUTOS = YES_AGGRESSIVE;
				GCC_WARN_UNUSED_FUNCTION = YES;
				GCC_WARN_UNUSED_VARIABLE = YES;
				LOCALIZATION_PREFERS_STRING_CATALOGS = YES;
				MTL_ENABLE_DEBUG_INFO = NO;
				MTL_FAST_MATH = YES;
				NEW_SETTING = "";
				SWIFT_COMPILATION_MODE = wholemodule;
			};
			name = Release;
		};
		A4D407342B4D100F00D97AB1 /* Debug */ = {
			isa = XCBuildConfiguration;
			buildSettings = {
				ASSETCATALOG_COMPILER_APPICON_NAME = AppIcon;
				ASSETCATALOG_COMPILER_GLOBAL_ACCENT_COLOR_NAME = AccentColor;
				CODE_SIGN_ENTITLEMENTS = orbfin/orbfin.entitlements;
				CODE_SIGN_STYLE = Automatic;
				CURRENT_PROJECT_VERSION = 1;
				DEAD_CODE_STRIPPING = YES;
				DEVELOPMENT_ASSET_PATHS = "\"orbfin/Preview Content\"";
				DEVELOPMENT_TEAM = Q79VJT7NHS;
				ENABLE_PREVIEWS = YES;
				GENERATE_INFOPLIST_FILE = YES;
				INFOPLIST_FILE = orbfin/Info.plist;
				INFOPLIST_KEY_NSLocationWhenInUseUsageDescription = "Location is required at multiple points through out the app.";
				"INFOPLIST_KEY_UIApplicationSceneManifest_Generation[sdk=iphoneos*]" = YES;
				"INFOPLIST_KEY_UIApplicationSceneManifest_Generation[sdk=iphonesimulator*]" = YES;
				"INFOPLIST_KEY_UIApplicationSupportsIndirectInputEvents[sdk=iphoneos*]" = YES;
				"INFOPLIST_KEY_UIApplicationSupportsIndirectInputEvents[sdk=iphonesimulator*]" = YES;
				"INFOPLIST_KEY_UILaunchScreen_Generation[sdk=iphoneos*]" = YES;
				"INFOPLIST_KEY_UILaunchScreen_Generation[sdk=iphonesimulator*]" = YES;
				"INFOPLIST_KEY_UIStatusBarStyle[sdk=iphoneos*]" = UIStatusBarStyleDefault;
				"INFOPLIST_KEY_UIStatusBarStyle[sdk=iphonesimulator*]" = UIStatusBarStyleDefault;
				INFOPLIST_KEY_UISupportedInterfaceOrientations_iPad = "UIInterfaceOrientationPortrait UIInterfaceOrientationPortraitUpsideDown UIInterfaceOrientationLandscapeLeft UIInterfaceOrientationLandscapeRight";
				IPHONEOS_DEPLOYMENT_TARGET = 17.2;
				LD_RUNPATH_SEARCH_PATHS = "@executable_path/Frameworks";
				"LD_RUNPATH_SEARCH_PATHS[sdk=macosx*]" = "@executable_path/../Frameworks";
				MACOSX_DEPLOYMENT_TARGET = 14.0;
				MARKETING_VERSION = 1.0;
				PRODUCT_BUNDLE_IDENTIFIER = tech.the7ofdiamonds.orbfin;
				PRODUCT_NAME = "$(TARGET_NAME)";
				SDKROOT = auto;
				SUPPORTED_PLATFORMS = "iphoneos iphonesimulator macosx";
				SWIFT_EMIT_LOC_STRINGS = YES;
				SWIFT_VERSION = 5.0;
				TARGETED_DEVICE_FAMILY = "1,2";
			};
			name = Debug;
		};
		A4D407352B4D100F00D97AB1 /* Release */ = {
			isa = XCBuildConfiguration;
			buildSettings = {
				ASSETCATALOG_COMPILER_APPICON_NAME = AppIcon;
				ASSETCATALOG_COMPILER_GLOBAL_ACCENT_COLOR_NAME = AccentColor;
				CODE_SIGN_ENTITLEMENTS = orbfin/orbfin.entitlements;
				CODE_SIGN_STYLE = Automatic;
				CURRENT_PROJECT_VERSION = 1;
				DEAD_CODE_STRIPPING = YES;
				DEVELOPMENT_ASSET_PATHS = "\"orbfin/Preview Content\"";
				DEVELOPMENT_TEAM = Q79VJT7NHS;
				ENABLE_PREVIEWS = YES;
				GENERATE_INFOPLIST_FILE = YES;
				INFOPLIST_FILE = orbfin/Info.plist;
				INFOPLIST_KEY_NSLocationWhenInUseUsageDescription = "Location is required at multiple points through out the app.";
				"INFOPLIST_KEY_UIApplicationSceneManifest_Generation[sdk=iphoneos*]" = YES;
				"INFOPLIST_KEY_UIApplicationSceneManifest_Generation[sdk=iphonesimulator*]" = YES;
				"INFOPLIST_KEY_UIApplicationSupportsIndirectInputEvents[sdk=iphoneos*]" = YES;
				"INFOPLIST_KEY_UIApplicationSupportsIndirectInputEvents[sdk=iphonesimulator*]" = YES;
				"INFOPLIST_KEY_UILaunchScreen_Generation[sdk=iphoneos*]" = YES;
				"INFOPLIST_KEY_UILaunchScreen_Generation[sdk=iphonesimulator*]" = YES;
				"INFOPLIST_KEY_UIStatusBarStyle[sdk=iphoneos*]" = UIStatusBarStyleDefault;
				"INFOPLIST_KEY_UIStatusBarStyle[sdk=iphonesimulator*]" = UIStatusBarStyleDefault;
				INFOPLIST_KEY_UISupportedInterfaceOrientations_iPad = "UIInterfaceOrientationPortrait UIInterfaceOrientationPortraitUpsideDown UIInterfaceOrientationLandscapeLeft UIInterfaceOrientationLandscapeRight";
				IPHONEOS_DEPLOYMENT_TARGET = 17.2;
				LD_RUNPATH_SEARCH_PATHS = "@executable_path/Frameworks";
				"LD_RUNPATH_SEARCH_PATHS[sdk=macosx*]" = "@executable_path/../Frameworks";
				MACOSX_DEPLOYMENT_TARGET = 14.0;
				MARKETING_VERSION = 1.0;
				PRODUCT_BUNDLE_IDENTIFIER = tech.the7ofdiamonds.orbfin;
				PRODUCT_NAME = "$(TARGET_NAME)";
				SDKROOT = auto;
				SUPPORTED_PLATFORMS = "iphoneos iphonesimulator macosx";
				SWIFT_EMIT_LOC_STRINGS = YES;
				SWIFT_VERSION = 5.0;
				TARGETED_DEVICE_FAMILY = "1,2";
			};
			name = Release;
		};
/* End XCBuildConfiguration section */

/* Begin XCConfigurationList section */
		A4D4071D2B4D100D00D97AB1 /* Build configuration list for PBXProject "orbfin" */ = {
			isa = XCConfigurationList;
			buildConfigurations = (
				A4D407312B4D100F00D97AB1 /* Debug */,
				A4D407322B4D100F00D97AB1 /* Release */,
			);
			defaultConfigurationIsVisible = 0;
			defaultConfigurationName = Release;
		};
		A4D407332B4D100F00D97AB1 /* Build configuration list for PBXNativeTarget "orbfin" */ = {
			isa = XCConfigurationList;
			buildConfigurations = (
				A4D407342B4D100F00D97AB1 /* Debug */,
				A4D407352B4D100F00D97AB1 /* Release */,
			);
			defaultConfigurationIsVisible = 0;
			defaultConfigurationName = Release;
		};
/* End XCConfigurationList section */
	};
	rootObject = A4D4071A2B4D100D00D97AB1 /* Project object */;
}
