// !$*UTF8*$!
{
	archiveVersion = 1;
	classes = {
	};
	objectVersion = 56;
	objects = {

/* Begin PBXBuildFile section */
		A435414F2C3B71EE00B32BC1 /* ViewModelLogin.swift in Sources */ = {isa = PBXBuildFile; fileRef = A435414E2C3B71EE00B32BC1 /* ViewModelLogin.swift */; };
		A43541512C3B8C7B00B32BC1 /* ComponentMap.swift in Sources */ = {isa = PBXBuildFile; fileRef = A43541502C3B8C7B00B32BC1 /* ComponentMap.swift */; };
		A43541532C3B8F3100B32BC1 /* Login.swift in Sources */ = {isa = PBXBuildFile; fileRef = A43541522C3B8F3100B32BC1 /* Login.swift */; };
		A4A7ACF42C3B3BE100EE9B48 /* ViewLogin.swift in Sources */ = {isa = PBXBuildFile; fileRef = A4A7ACF32C3B3BE100EE9B48 /* ViewLogin.swift */; };
		A4A7ACF72C3B432900EE9B48 /* LocationManager.swift in Sources */ = {isa = PBXBuildFile; fileRef = A4A7ACF62C3B432900EE9B48 /* LocationManager.swift */; };
		A4D407262B4D100D00D97AB1 /* orbfinApp.swift in Sources */ = {isa = PBXBuildFile; fileRef = A4D407252B4D100D00D97AB1 /* orbfinApp.swift */; };
		A4D4072C2B4D100F00D97AB1 /* Assets.xcassets in Resources */ = {isa = PBXBuildFile; fileRef = A4D4072B2B4D100F00D97AB1 /* Assets.xcassets */; };
		A4D407302B4D100F00D97AB1 /* Preview Assets.xcassets in Resources */ = {isa = PBXBuildFile; fileRef = A4D4072F2B4D100F00D97AB1 /* Preview Assets.xcassets */; };
/* End PBXBuildFile section */

/* Begin PBXFileReference section */
		A435414E2C3B71EE00B32BC1 /* ViewModelLogin.swift */ = {isa = PBXFileReference; lastKnownFileType = sourcecode.swift; path = ViewModelLogin.swift; sourceTree = "<group>"; };
		A43541502C3B8C7B00B32BC1 /* ComponentMap.swift */ = {isa = PBXFileReference; lastKnownFileType = sourcecode.swift; path = ComponentMap.swift; sourceTree = "<group>"; };
		A43541522C3B8F3100B32BC1 /* Login.swift */ = {isa = PBXFileReference; lastKnownFileType = sourcecode.swift; path = Login.swift; sourceTree = "<group>"; };
		A43541562C3BAB4F00B32BC1 /* Info.plist */ = {isa = PBXFileReference; lastKnownFileType = text.plist; path = Info.plist; sourceTree = "<group>"; };
		A4A7ACF32C3B3BE100EE9B48 /* ViewLogin.swift */ = {isa = PBXFileReference; lastKnownFileType = sourcecode.swift; path = ViewLogin.swift; sourceTree = "<group>"; };
		A4A7ACF62C3B432900EE9B48 /* LocationManager.swift */ = {isa = PBXFileReference; lastKnownFileType = sourcecode.swift; path = LocationManager.swift; sourceTree = "<group>"; };
		A4D407222B4D100D00D97AB1 /* orbfin.app */ = {isa = PBXFileReference; explicitFileType = wrapper.application; includeInIndex = 0; path = orbfin.app; sourceTree = BUILT_PRODUCTS_DIR; };
		A4D407252B4D100D00D97AB1 /* orbfinApp.swift */ = {isa = PBXFileReference; lastKnownFileType = sourcecode.swift; path = orbfinApp.swift; sourceTree = "<group>"; };
		A4D4072B2B4D100F00D97AB1 /* Assets.xcassets */ = {isa = PBXFileReference; lastKnownFileType = folder.assetcatalog; path = Assets.xcassets; sourceTree = "<group>"; };
		A4D4072D2B4D100F00D97AB1 /* orbfin.entitlements */ = {isa = PBXFileReference; lastKnownFileType = text.plist.entitlements; path = orbfin.entitlements; sourceTree = "<group>"; };
		A4D4072F2B4D100F00D97AB1 /* Preview Assets.xcassets */ = {isa = PBXFileReference; lastKnownFileType = folder.assetcatalog; path = "Preview Assets.xcassets"; sourceTree = "<group>"; };
/* End PBXFileReference section */

/* Begin PBXFrameworksBuildPhase section */
		A4D4071F2B4D100D00D97AB1 /* Frameworks */ = {
			isa = PBXFrameworksBuildPhase;
			buildActionMask = 2147483647;
			files = (
			);
			runOnlyForDeploymentPostprocessing = 0;
		};
/* End PBXFrameworksBuildPhase section */

/* Begin PBXGroup section */
		A4A7ACEA2C3B3ADC00EE9B48 /* Views */ = {
			isa = PBXGroup;
			children = (
				A4A7ACF32C3B3BE100EE9B48 /* ViewLogin.swift */,
			);
			path = Views;
			sourceTree = "<group>";
		};
		A4A7ACEB2C3B3AFB00EE9B48 /* ViewModels */ = {
			isa = PBXGroup;
			children = (
				A435414E2C3B71EE00B32BC1 /* ViewModelLogin.swift */,
			);
			path = ViewModels;
			sourceTree = "<group>";
		};
		A4A7ACEC2C3B3B0A00EE9B48 /* Models */ = {
			isa = PBXGroup;
			children = (
			);
			path = Models;
			sourceTree = "<group>";
		};
		A4A7ACED2C3B3B4600EE9B48 /* Layers */ = {
			isa = PBXGroup;
			children = (
				A4A7ACF52C3B42FF00EE9B48 /* Location */,
				A4A7ACEF2C3B3B5900EE9B48 /* Storage */,
				A4A7ACEE2C3B3B5000EE9B48 /* Network */,
			);
			path = Layers;
			sourceTree = "<group>";
		};
		A4A7ACEE2C3B3B5000EE9B48 /* Network */ = {
			isa = PBXGroup;
			children = (
			);
			path = Network;
			sourceTree = "<group>";
		};
		A4A7ACEF2C3B3B5900EE9B48 /* Storage */ = {
			isa = PBXGroup;
			children = (
			);
			path = Storage;
			sourceTree = "<group>";
		};
		A4A7ACF02C3B3B6B00EE9B48 /* Components */ = {
			isa = PBXGroup;
			children = (
				A4A7ACF12C3B3B7600EE9B48 /* Buttons */,
				A43541502C3B8C7B00B32BC1 /* ComponentMap.swift */,
			);
			path = Components;
			sourceTree = "<group>";
		};
		A4A7ACF12C3B3B7600EE9B48 /* Buttons */ = {
			isa = PBXGroup;
			children = (
			);
			path = Buttons;
			sourceTree = "<group>";
		};
		A4A7ACF22C3B3B9A00EE9B48 /* Features */ = {
			isa = PBXGroup;
			children = (
				A43541522C3B8F3100B32BC1 /* Login.swift */,
			);
			path = Features;
			sourceTree = "<group>";
		};
		A4A7ACF52C3B42FF00EE9B48 /* Location */ = {
			isa = PBXGroup;
			children = (
				A4A7ACF62C3B432900EE9B48 /* LocationManager.swift */,
			);
			path = Location;
			sourceTree = "<group>";
		};
		A4D407192B4D100D00D97AB1 = {
			isa = PBXGroup;
			children = (
				A4D407242B4D100D00D97AB1 /* orbfin */,
				A4D407232B4D100D00D97AB1 /* Products */,
			);
			sourceTree = "<group>";
		};
		A4D407232B4D100D00D97AB1 /* Products */ = {
			isa = PBXGroup;
			children = (
				A4D407222B4D100D00D97AB1 /* orbfin.app */,
			);
			name = Products;
			sourceTree = "<group>";
		};
		A4D407242B4D100D00D97AB1 /* orbfin */ = {
			isa = PBXGroup;
			children = (
				A43541562C3BAB4F00B32BC1 /* Info.plist */,
				A4A7ACF22C3B3B9A00EE9B48 /* Features */,
				A4A7ACF02C3B3B6B00EE9B48 /* Components */,
				A4A7ACED2C3B3B4600EE9B48 /* Layers */,
				A4A7ACEC2C3B3B0A00EE9B48 /* Models */,
				A4A7ACEB2C3B3AFB00EE9B48 /* ViewModels */,
				A4A7ACEA2C3B3ADC00EE9B48 /* Views */,
				A4D407252B4D100D00D97AB1 /* orbfinApp.swift */,
				A4D4072B2B4D100F00D97AB1 /* Assets.xcassets */,
				A4D4072D2B4D100F00D97AB1 /* orbfin.entitlements */,
				A4D4072E2B4D100F00D97AB1 /* Preview Content */,
			);
			path = orbfin;
			sourceTree = "<group>";
		};
		A4D4072E2B4D100F00D97AB1 /* Preview Content */ = {
			isa = PBXGroup;
			children = (
				A4D4072F2B4D100F00D97AB1 /* Preview Assets.xcassets */,
			);
			path = "Preview Content";
			sourceTree = "<group>";
		};
/* End PBXGroup section */

/* Begin PBXNativeTarget section */
		A4D407212B4D100D00D97AB1 /* orbfin */ = {
			isa = PBXNativeTarget;
			buildConfigurationList = A4D407332B4D100F00D97AB1 /* Build configuration list for PBXNativeTarget "orbfin" */;
			buildPhases = (
				A4D4071E2B4D100D00D97AB1 /* Sources */,
				A4D4071F2B4D100D00D97AB1 /* Frameworks */,
				A4D407202B4D100D00D97AB1 /* Resources */,
			);
			buildRules = (
			);
			dependencies = (
			);
			name = orbfin;
			productName = orbfin;
			productReference = A4D407222B4D100D00D97AB1 /* orbfin.app */;
			productType = "com.apple.product-type.application";
		};
/* End PBXNativeTarget section */

/* Begin PBXProject section */
		A4D4071A2B4D100D00D97AB1 /* Project object */ = {
			isa = PBXProject;
			attributes = {
				BuildIndependentTargetsInParallel = 1;
				LastSwiftUpdateCheck = 1510;
				LastUpgradeCheck = 1540;
				TargetAttributes = {
					A4D407212B4D100D00D97AB1 = {
						CreatedOnToolsVersion = 15.1;
					};
				};
			};
			buildConfigurationList = A4D4071D2B4D100D00D97AB1 /* Build configuration list for PBXProject "orbfin" */;
			compatibilityVersion = "Xcode 14.0";
			developmentRegion = en;
			hasScannedForEncodings = 0;
			knownRegions = (
				en,
				Base,
			);
			mainGroup = A4D407192B4D100D00D97AB1;
			productRefGroup = A4D407232B4D100D00D97AB1 /* Products */;
			projectDirPath = "";
			projectRoot = "";
			targets = (
				A4D407212B4D100D00D97AB1 /* orbfin */,
			);
		};
/* End PBXProject section */

/* Begin PBXResourcesBuildPhase section */
		A4D407202B4D100D00D97AB1 /* Resources */ = {
			isa = PBXResourcesBuildPhase;
			buildActionMask = 2147483647;
			files = (
				A4D407302B4D100F00D97AB1 /* Preview Assets.xcassets in Resources */,
				A4D4072C2B4D100F00D97AB1 /* Assets.xcassets in Resources */,
			);
			runOnlyForDeploymentPostprocessing = 0;
		};
/* End PBXResourcesBuildPhase section */

/* Begin PBXSourcesBuildPhase section */
		A4D4071E2B4D100D00D97AB1 /* Sources */ = {
			isa = PBXSourcesBuildPhase;
			buildActionMask = 2147483647;
			files = (
				A435414F2C3B71EE00B32BC1 /* ViewModelLogin.swift in Sources */,
				A43541512C3B8C7B00B32BC1 /* ComponentMap.swift in Sources */,
				A4A7ACF72C3B432900EE9B48 /* LocationManager.swift in Sources */,
				A43541532C3B8F3100B32BC1 /* Login.swift in Sources */,
				A4A7ACF42C3B3BE100EE9B48 /* ViewLogin.swift in Sources */,
				A4D407262B4D100D00D97AB1 /* orbfinApp.swift in Sources */,
			);
			runOnlyForDeploymentPostprocessing = 0;
		};
/* End PBXSourcesBuildPhase section */

/* Begin XCBuildConfiguration section */
		A4D407312B4D100F00D97AB1 /* Debug */ = {
			isa = XCBuildConfiguration;
			buildSettings = {
				ALWAYS_SEARCH_USER_PATHS = NO;
				ASSETCATALOG_COMPILER_GENERATE_SWIFT_ASSET_SYMBOL_EXTENSIONS = YES;
				CLANG_ANALYZER_NONNULL = YES;
				CLANG_ANALYZER_NUMBER_OBJECT_CONVERSION = YES_AGGRESSIVE;
				CLANG_CXX_LANGUAGE_STANDARD = "gnu++20";
				CLANG_ENABLE_MODULES = YES;
				CLANG_ENABLE_OBJC_ARC = YES;
				CLANG_ENABLE_OBJC_WEAK = YES;
				CLANG_WARN_BLOCK_CAPTURE_AUTORELEASING = YES;
				CLANG_WARN_BOOL_CONVERSION = YES;
				CLANG_WARN_COMMA = YES;
				CLANG_WARN_CONSTANT_CONVERSION = YES;
				CLANG_WARN_DEPRECATED_OBJC_IMPLEMENTATIONS = YES;
				CLANG_WARN_DIRECT_OBJC_ISA_USAGE = YES_ERROR;
				CLANG_WARN_DOCUMENTATION_COMMENTS = YES;
				CLANG_WARN_EMPTY_BODY = YES;
				CLANG_WARN_ENUM_CONVERSION = YES;
				CLANG_WARN_INFINITE_RECURSION = YES;
				CLANG_WARN_INT_CONVERSION = YES;
				CLANG_WARN_NON_LITERAL_NULL_CONVERSION = YES;
				CLANG_WARN_OBJC_IMPLICIT_RETAIN_SELF = YES;
				CLANG_WARN_OBJC_LITERAL_CONVERSION = YES;
				CLANG_WARN_OBJC_ROOT_CLASS = YES_ERROR;
				CLANG_WARN_QUOTED_INCLUDE_IN_FRAMEWORK_HEADER = YES;
				CLANG_WARN_RANGE_LOOP_ANALYSIS = YES;
				CLANG_WARN_STRICT_PROTOTYPES = YES;
				CLANG_WARN_SUSPICIOUS_MOVE = YES;
				CLANG_WARN_UNGUARDED_AVAILABILITY = YES_AGGRESSIVE;
				CLANG_WARN_UNREACHABLE_CODE = YES;
				CLANG_WARN__DUPLICATE_METHOD_MATCH = YES;
				COPY_PHASE_STRIP = NO;
				DEAD_CODE_STRIPPING = YES;
				DEBUG_INFORMATION_FORMAT = dwarf;
				ENABLE_STRICT_OBJC_MSGSEND = YES;
				ENABLE_TESTABILITY = YES;
				ENABLE_USER_SCRIPT_SANDBOXING = YES;
				GCC_C_LANGUAGE_STANDARD = gnu17;
				GCC_DYNAMIC_NO_PIC = NO;
				GCC_NO_COMMON_BLOCKS = YES;
				GCC_OPTIMIZATION_LEVEL = 0;
				GCC_PREPROCESSOR_DEFINITIONS = (
					"DEBUG=1",
					"$(inherited)",
				);
				GCC_WARN_64_TO_32_BIT_CONVERSION = YES;
				GCC_WARN_ABOUT_RETURN_TYPE = YES_ERROR;
				GCC_WARN_UNDECLARED_SELECTOR = YES;
				GCC_WARN_UNINITIALIZED_AUTOS = YES_AGGRESSIVE;
				GCC_WARN_UNUSED_FUNCTION = YES;
				GCC_WARN_UNUSED_VARIABLE = YES;
				LOCALIZATION_PREFERS_STRING_CATALOGS = YES;
				MTL_ENABLE_DEBUG_INFO = INCLUDE_SOURCE;
				MTL_FAST_MATH = YES;
				NEW_SETTING = "";
				ONLY_ACTIVE_ARCH = YES;
				SWIFT_ACTIVE_COMPILATION_CONDITIONS = "DEBUG $(inherited)";
				SWIFT_OPTIMIZATION_LEVEL = "-Onone";
			};
			name = Debug;
		};
		A4D407322B4D100F00D97AB1 /* Release */ = {
			isa = XCBuildConfiguration;
			buildSettings = {
				ALWAYS_SEARCH_USER_PATHS = NO;
				ASSETCATALOG_COMPILER_GENERATE_SWIFT_ASSET_SYMBOL_EXTENSIONS = YES;
				CLANG_ANALYZER_NONNULL = YES;
				CLANG_ANALYZER_NUMBER_OBJECT_CONVERSION = YES_AGGRESSIVE;
				CLANG_CXX_LANGUAGE_STANDARD = "gnu++20";
				CLANG_ENABLE_MODULES = YES;
				CLANG_ENABLE_OBJC_ARC = YES;
				CLANG_ENABLE_OBJC_WEAK = YES;
				CLANG_WARN_BLOCK_CAPTURE_AUTORELEASING = YES;
				CLANG_WARN_BOOL_CONVERSION = YES;
				CLANG_WARN_COMMA = YES;
				CLANG_WARN_CONSTANT_CONVERSION = YES;
				CLANG_WARN_DEPRECATED_OBJC_IMPLEMENTATIONS = YES;
				CLANG_WARN_DIRECT_OBJC_ISA_USAGE = YES_ERROR;
				CLANG_WARN_DOCUMENTATION_COMMENTS = YES;
				CLANG_WARN_EMPTY_BODY = YES;
				CLANG_WARN_ENUM_CONVERSION = YES;
				CLANG_WARN_INFINITE_RECURSION = YES;
				CLANG_WARN_INT_CONVERSION = YES;
				CLANG_WARN_NON_LITERAL_NULL_CONVERSION = YES;
				CLANG_WARN_OBJC_IMPLICIT_RETAIN_SELF = YES;
				CLANG_WARN_OBJC_LITERAL_CONVERSION = YES;
				CLANG_WARN_OBJC_ROOT_CLASS = YES_ERROR;
				CLANG_WARN_QUOTED_INCLUDE_IN_FRAMEWORK_HEADER = YES;
				CLANG_WARN_RANGE_LOOP_ANALYSIS = YES;
				CLANG_WARN_STRICT_PROTOTYPES = YES;
				CLANG_WARN_SUSPICIOUS_MOVE = YES;
				CLANG_WARN_UNGUARDED_AVAILABILITY = YES_AGGRESSIVE;
				CLANG_WARN_UNREACHABLE_CODE = YES;
				CLANG_WARN__DUPLICATE_METHOD_MATCH = YES;
				COPY_PHASE_STRIP = NO;
				DEAD_CODE_STRIPPING = YES;
				DEBUG_INFORMATION_FORMAT = "dwarf-with-dsym";
				ENABLE_NS_ASSERTIONS = NO;
				ENABLE_STRICT_OBJC_MSGSEND = YES;
				ENABLE_USER_SCRIPT_SANDBOXING = YES;
				GCC_C_LANGUAGE_STANDARD = gnu17;
				GCC_NO_COMMON_BLOCKS = YES;
				GCC_WARN_64_TO_32_BIT_CONVERSION = YES;
				GCC_WARN_ABOUT_RETURN_TYPE = YES_ERROR;
				GCC_WARN_UNDECLARED_SELECTOR = YES;
				GCC_WARN_UNINITIALIZED_AUTOS = YES_AGGRESSIVE;
				GCC_WARN_UNUSED_FUNCTION = YES;
				GCC_WARN_UNUSED_VARIABLE = YES;
				LOCALIZATION_PREFERS_STRING_CATALOGS = YES;
				MTL_ENABLE_DEBUG_INFO = NO;
				MTL_FAST_MATH = YES;
				NEW_SETTING = "";
				SWIFT_COMPILATION_MODE = wholemodule;
			};
			name = Release;
		};
		A4D407342B4D100F00D97AB1 /* Debug */ = {
			isa = XCBuildConfiguration;
			buildSettings = {
				ASSETCATALOG_COMPILER_APPICON_NAME = AppIcon;
				ASSETCATALOG_COMPILER_GLOBAL_ACCENT_COLOR_NAME = AccentColor;
				CODE_SIGN_ENTITLEMENTS = orbfin/orbfin.entitlements;
				CODE_SIGN_STYLE = Automatic;
				CURRENT_PROJECT_VERSION = 1;
				DEAD_CODE_STRIPPING = YES;
				DEVELOPMENT_ASSET_PATHS = "\"orbfin/Preview Content\"";
				DEVELOPMENT_TEAM = Q79VJT7NHS;
				ENABLE_PREVIEWS = YES;
				GENERATE_INFOPLIST_FILE = YES;
				INFOPLIST_FILE = orbfin/Info.plist;
				INFOPLIST_KEY_NSLocationWhenInUseUsageDescription = "Location is required at multiple points through out the app.";
				"INFOPLIST_KEY_UIApplicationSceneManifest_Generation[sdk=iphoneos*]" = YES;
				"INFOPLIST_KEY_UIApplicationSceneManifest_Generation[sdk=iphonesimulator*]" = YES;
				"INFOPLIST_KEY_UIApplicationSupportsIndirectInputEvents[sdk=iphoneos*]" = YES;
				"INFOPLIST_KEY_UIApplicationSupportsIndirectInputEvents[sdk=iphonesimulator*]" = YES;
				"INFOPLIST_KEY_UILaunchScreen_Generation[sdk=iphoneos*]" = YES;
				"INFOPLIST_KEY_UILaunchScreen_Generation[sdk=iphonesimulator*]" = YES;
				"INFOPLIST_KEY_UIStatusBarStyle[sdk=iphoneos*]" = UIStatusBarStyleDefault;
				"INFOPLIST_KEY_UIStatusBarStyle[sdk=iphonesimulator*]" = UIStatusBarStyleDefault;
				INFOPLIST_KEY_UISupportedInterfaceOrientations_iPad = "UIInterfaceOrientationPortrait UIInterfaceOrientationPortraitUpsideDown UIInterfaceOrientationLandscapeLeft UIInterfaceOrientationLandscapeRight";
				IPHONEOS_DEPLOYMENT_TARGET = 17.2;
				LD_RUNPATH_SEARCH_PATHS = "@executable_path/Frameworks";
				"LD_RUNPATH_SEARCH_PATHS[sdk=macosx*]" = "@executable_path/../Frameworks";
				MACOSX_DEPLOYMENT_TARGET = 14.0;
				MARKETING_VERSION = 1.0;
				PRODUCT_BUNDLE_IDENTIFIER = tech.the7ofdiamonds.orbfin;
				PRODUCT_NAME = "$(TARGET_NAME)";
				SDKROOT = auto;
				SUPPORTED_PLATFORMS = "iphoneos iphonesimulator macosx";
				SWIFT_EMIT_LOC_STRINGS = YES;
				SWIFT_VERSION = 5.0;
				TARGETED_DEVICE_FAMILY = "1,2";
			};
			name = Debug;
		};
		A4D407352B4D100F00D97AB1 /* Release */ = {
			isa = XCBuildConfiguration;
			buildSettings = {
				ASSETCATALOG_COMPILER_APPICON_NAME = AppIcon;
				ASSETCATALOG_COMPILER_GLOBAL_ACCENT_COLOR_NAME = AccentColor;
				CODE_SIGN_ENTITLEMENTS = orbfin/orbfin.entitlements;
				CODE_SIGN_STYLE = Automatic;
				CURRENT_PROJECT_VERSION = 1;
				DEAD_CODE_STRIPPING = YES;
				DEVELOPMENT_ASSET_PATHS = "\"orbfin/Preview Content\"";
				DEVELOPMENT_TEAM = Q79VJT7NHS;
				ENABLE_PREVIEWS = YES;
				GENERATE_INFOPLIST_FILE = YES;
				INFOPLIST_FILE = orbfin/Info.plist;
				INFOPLIST_KEY_NSLocationWhenInUseUsageDescription = "Location is required at multiple points through out the app.";
				"INFOPLIST_KEY_UIApplicationSceneManifest_Generation[sdk=iphoneos*]" = YES;
				"INFOPLIST_KEY_UIApplicationSceneManifest_Generation[sdk=iphonesimulator*]" = YES;
				"INFOPLIST_KEY_UIApplicationSupportsIndirectInputEvents[sdk=iphoneos*]" = YES;
				"INFOPLIST_KEY_UIApplicationSupportsIndirectInputEvents[sdk=iphonesimulator*]" = YES;
				"INFOPLIST_KEY_UILaunchScreen_Generation[sdk=iphoneos*]" = YES;
				"INFOPLIST_KEY_UILaunchScreen_Generation[sdk=iphonesimulator*]" = YES;
				"INFOPLIST_KEY_UIStatusBarStyle[sdk=iphoneos*]" = UIStatusBarStyleDefault;
				"INFOPLIST_KEY_UIStatusBarStyle[sdk=iphonesimulator*]" = UIStatusBarStyleDefault;
				INFOPLIST_KEY_UISupportedInterfaceOrientations_iPad = "UIInterfaceOrientationPortrait UIInterfaceOrientationPortraitUpsideDown UIInterfaceOrientationLandscapeLeft UIInterfaceOrientationLandscapeRight";
				IPHONEOS_DEPLOYMENT_TARGET = 17.2;
				LD_RUNPATH_SEARCH_PATHS = "@executable_path/Frameworks";
				"LD_RUNPATH_SEARCH_PATHS[sdk=macosx*]" = "@executable_path/../Frameworks";
				MACOSX_DEPLOYMENT_TARGET = 14.0;
				MARKETING_VERSION = 1.0;
				PRODUCT_BUNDLE_IDENTIFIER = tech.the7ofdiamonds.orbfin;
				PRODUCT_NAME = "$(TARGET_NAME)";
				SDKROOT = auto;
				SUPPORTED_PLATFORMS = "iphoneos iphonesimulator macosx";
				SWIFT_EMIT_LOC_STRINGS = YES;
				SWIFT_VERSION = 5.0;
				TARGETED_DEVICE_FAMILY = "1,2";
			};
			name = Release;
		};
/* End XCBuildConfiguration section */

/* Begin XCConfigurationList section */
		A4D4071D2B4D100D00D97AB1 /* Build configuration list for PBXProject "orbfin" */ = {
			isa = XCConfigurationList;
			buildConfigurations = (
				A4D407312B4D100F00D97AB1 /* Debug */,
				A4D407322B4D100F00D97AB1 /* Release */,
			);
			defaultConfigurationIsVisible = 0;
			defaultConfigurationName = Release;
		};
		A4D407332B4D100F00D97AB1 /* Build configuration list for PBXNativeTarget "orbfin" */ = {
			isa = XCConfigurationList;
			buildConfigurations = (
				A4D407342B4D100F00D97AB1 /* Debug */,
				A4D407352B4D100F00D97AB1 /* Release */,
			);
			defaultConfigurationIsVisible = 0;
			defaultConfigurationName = Release;
		};
/* End XCConfigurationList section */
	};
	rootObject = A4D4071A2B4D100D00D97AB1 /* Project object */;
}
